// !$*UTF8*$!
{
	archiveVersion = 1;
	classes = {
	};
	objectVersion = 42;
	objects = {

/* Begin PBXApplicationTarget section */
		20286C34FDCF999611CA2CEA /* vBLASSample */ = {
			isa = PBXApplicationTarget;
			buildConfigurationList = C4A903E5094A1C1A0046698C /* Build configuration list for PBXApplicationTarget "vBLASSample" */;
			buildPhases = (
				20286C35FDCF999611CA2CEA /* Headers */,
				20286C36FDCF999611CA2CEA /* Resources */,
				20286C38FDCF999611CA2CEA /* Sources */,
				20286C3BFDCF999611CA2CEA /* Frameworks */,
				04313892FE3035C9C02AAC07 /* Rez */,
			);
			buildSettings = {
				FRAMEWORK_SEARCH_PATHS = "";
				HEADER_SEARCH_PATHS = "";
				INSTALL_PATH = "$(HOME)/Applications";
				LIBRARY_SEARCH_PATHS = "";
				OTHER_CFLAGS = "-faltivec";
				OTHER_LDFLAGS = "";
				OTHER_REZFLAGS = "";
				PRODUCT_NAME = vBLASSample;
				SECTORDER_FLAGS = "";
				WARNING_CFLAGS = (
					"-Wmost",
					"-Wno-four-char-constants",
					"-Wno-unknown-pragmas",
				);
				WRAPPER_EXTENSION = app;
			};
			dependencies = (
			);
			name = vBLASSample;
			productInstallPath = "$(HOME)/Applications";
			productName = vBLASSample;
			productReference = 0249A665FF388DC511CA2CEA /* vBLASSample.app */;
			productSettingsXML = "<?xml version=\"1.0\" encoding=\"UTF-8\"?>
<!DOCTYPE plist PUBLIC \"-//Apple Computer//DTD PLIST 1.0//EN\" \"http://www.apple.com/DTDs/PropertyList-1.0.dtd\">
<plist version=\"1.0\">
<dict>
	<key>CFBundleDevelopmentRegion</key>
	<string>English</string>
	<key>CFBundleExecutable</key>
	<string>vBLASSample</string>
	<key>CFBundleIconFile</key>
	<string></string>
	<key>CFBundleInfoDictionaryVersion</key>
	<string>6.0</string>
	<key>CFBundlePackageType</key>
	<string>APPL</string>
	<key>CFBundleSignature</key>
	<string>????</string>
	<key>CFBundleVersion</key>
	<string>0.1</string>
	<key>CSResourcesFileMapped</key>
	<true/>
</dict>
</plist>
";
		};
/* End PBXApplicationTarget section */

/* Begin PBXBuildFile section */
		010FA5BD00EBC65E7F000001 /* main.c in Sources */ = {isa = PBXBuildFile; fileRef = 010FA5BC00EBC65E7F000001 /* main.c */; };
		010FA5C300EBC89A7F000001 /* main.h in Headers */ = {isa = PBXBuildFile; fileRef = 010FA5C200EBC89A7F000001 /* main.h */; };
		010FA5C500EBCAC47F000001 /* JavaMode.c in Sources */ = {isa = PBXBuildFile; fileRef = 010FA5C400EBCAC47F000001 /* JavaMode.c */; };
		010FA5C700EBCB197F000001 /* JavaMode.h in Headers */ = {isa = PBXBuildFile; fileRef = 010FA5C600EBCB197F000001 /* JavaMode.h */; };
		010FA5D300EBD2347F000001 /* sdot.c in Sources */ = {isa = PBXBuildFile; fileRef = 010FA5C800EBD2347F000001 /* sdot.c */; };
		010FA5D400EBD2347F000001 /* snrm2.c in Sources */ = {isa = PBXBuildFile; fileRef = 010FA5C900EBD2347F000001 /* snrm2.c */; };
		010FA5D500EBD2347F000001 /* sasum.c in Sources */ = {isa = PBXBuildFile; fileRef = 010FA5CA00EBD2347F000001 /* sasum.c */; };
		010FA5D600EBD2347F000001 /* isamax.c in Sources */ = {isa = PBXBuildFile; fileRef = 010FA5CB00EBD2347F000001 /* isamax.c */; };
		010FA5D700EBD2347F000001 /* sswap.c in Sources */ = {isa = PBXBuildFile; fileRef = 010FA5CC00EBD2347F000001 /* sswap.c */; };
		010FA5D800EBD2347F000001 /* scopy.c in Sources */ = {isa = PBXBuildFile; fileRef = 010FA5CD00EBD2347F000001 /* scopy.c */; };
		010FA5D900EBD2347F000001 /* saxpy.c in Sources */ = {isa = PBXBuildFile; fileRef = 010FA5CE00EBD2347F000001 /* saxpy.c */; };
		010FA5DA00EBD2347F000001 /* srot.c in Sources */ = {isa = PBXBuildFile; fileRef = 010FA5CF00EBD2347F000001 /* srot.c */; };
		010FA5DB00EBD2347F000001 /* sscal.c in Sources */ = {isa = PBXBuildFile; fileRef = 010FA5D000EBD2347F000001 /* sscal.c */; };
		010FA5DC00EBD2347F000001 /* sgemv.c in Sources */ = {isa = PBXBuildFile; fileRef = 010FA5D100EBD2347F000001 /* sgemv.c */; };
		010FA5DD00EBD2347F000001 /* sgemm.c in Sources */ = {isa = PBXBuildFile; fileRef = 010FA5D200EBD2347F000001 /* sgemm.c */; };
		0249A66AFF388E3911CA2CEA /* libstdc++.a in Frameworks */ = {isa = PBXBuildFile; fileRef = 0249A669FF388E3911CA2CEA /* libstdc++.a */; };
		14E667B900E7D81511CA2D69 /* vecLib.framework in Frameworks */ = {isa = PBXBuildFile; fileRef = 14E667B800E7D81511CA2D69 /* vecLib.framework */; };
		14E667BE00EA804E11CA2D69 /* ApplicationServices.framework in Frameworks */ = {isa = PBXBuildFile; fileRef = 0640BAA4FFF0323A11CA0E50 /* ApplicationServices.framework */; };
		14E667BF00EA804E11CA2D69 /* CoreServices.framework in Frameworks */ = {isa = PBXBuildFile; fileRef = 0640BAA5FFF0323A11CA0E50 /* CoreServices.framework */; };
		20286C3CFDCF999611CA2CEA /* Carbon.framework in Frameworks */ = {isa = PBXBuildFile; fileRef = 20286C33FDCF999611CA2CEA /* Carbon.framework */; };
		C4825262094C75E4006AB7E4 /* main.h in Headers */ = {isa = PBXBuildFile; fileRef = 010FA5C200EBC89A7F000001 /* main.h */; };
		C4825263094C75E4006AB7E4 /* JavaMode.h in Headers */ = {isa = PBXBuildFile; fileRef = 010FA5C600EBCB197F000001 /* JavaMode.h */; };
		C4825266094C75E4006AB7E4 /* main.c in Sources */ = {isa = PBXBuildFile; fileRef = 010FA5BC00EBC65E7F000001 /* main.c */; };
		C4825267094C75E4006AB7E4 /* JavaMode.c in Sources */ = {isa = PBXBuildFile; fileRef = 010FA5C400EBCAC47F000001 /* JavaMode.c */; };
		C4825268094C75E4006AB7E4 /* sdot.c in Sources */ = {isa = PBXBuildFile; fileRef = 010FA5C800EBD2347F000001 /* sdot.c */; };
		C4825269094C75E4006AB7E4 /* snrm2.c in Sources */ = {isa = PBXBuildFile; fileRef = 010FA5C900EBD2347F000001 /* snrm2.c */; };
		C482526A094C75E4006AB7E4 /* sasum.c in Sources */ = {isa = PBXBuildFile; fileRef = 010FA5CA00EBD2347F000001 /* sasum.c */; };
		C482526B094C75E4006AB7E4 /* isamax.c in Sources */ = {isa = PBXBuildFile; fileRef = 010FA5CB00EBD2347F000001 /* isamax.c */; };
		C482526C094C75E4006AB7E4 /* sswap.c in Sources */ = {isa = PBXBuildFile; fileRef = 010FA5CC00EBD2347F000001 /* sswap.c */; };
		C482526D094C75E4006AB7E4 /* scopy.c in Sources */ = {isa = PBXBuildFile; fileRef = 010FA5CD00EBD2347F000001 /* scopy.c */; };
		C482526E094C75E4006AB7E4 /* saxpy.c in Sources */ = {isa = PBXBuildFile; fileRef = 010FA5CE00EBD2347F000001 /* saxpy.c */; };
		C482526F094C75E4006AB7E4 /* srot.c in Sources */ = {isa = PBXBuildFile; fileRef = 010FA5CF00EBD2347F000001 /* srot.c */; };
		C4825270094C75E4006AB7E4 /* sscal.c in Sources */ = {isa = PBXBuildFile; fileRef = 010FA5D000EBD2347F000001 /* sscal.c */; };
		C4825271094C75E4006AB7E4 /* sgemv.c in Sources */ = {isa = PBXBuildFile; fileRef = 010FA5D100EBD2347F000001 /* sgemv.c */; };
		C4825272094C75E4006AB7E4 /* sgemm.c in Sources */ = {isa = PBXBuildFile; fileRef = 010FA5D200EBD2347F000001 /* sgemm.c */; };
		C4825274094C75E4006AB7E4 /* Carbon.framework in Frameworks */ = {isa = PBXBuildFile; fileRef = 20286C33FDCF999611CA2CEA /* Carbon.framework */; };
		C4825275094C75E4006AB7E4 /* libstdc++.a in Frameworks */ = {isa = PBXBuildFile; fileRef = 0249A669FF388E3911CA2CEA /* libstdc++.a */; };
		C4825276094C75E4006AB7E4 /* vecLib.framework in Frameworks */ = {isa = PBXBuildFile; fileRef = 14E667B800E7D81511CA2D69 /* vecLib.framework */; };
		C4825277094C75E4006AB7E4 /* ApplicationServices.framework in Frameworks */ = {isa = PBXBuildFile; fileRef = 0640BAA4FFF0323A11CA0E50 /* ApplicationServices.framework */; };
		C4825278094C75E4006AB7E4 /* CoreServices.framework in Frameworks */ = {isa = PBXBuildFile; fileRef = 0640BAA5FFF0323A11CA0E50 /* CoreServices.framework */; };
		C4825484094C84CE006AB7E4 /* libgsl.a in Frameworks */ = {isa = PBXBuildFile; fileRef = C4825476094C82D2006AB7E4 /* libgsl.a */; };
/* End PBXBuildFile section */

/* Begin PBXBuildStyle section */
		05952DFCFFF02D1B11CA0E50 /* Development */ = {
			isa = PBXBuildStyle;
			buildSettings = {
				COPY_PHASE_STRIP = NO;
				GCC_DYNAMIC_NO_PIC = NO;
				GCC_ENABLE_FIX_AND_CONTINUE = YES;
				GCC_GENERATE_DEBUGGING_SYMBOLS = YES;
				GCC_OPTIMIZATION_LEVEL = 0;
				OPTIMIZATION_CFLAGS = "-O0";
				ZERO_LINK = YES;
			};
			name = Development;
		};
		05952DFDFFF02D1B11CA0E50 /* Deployment */ = {
			isa = PBXBuildStyle;
			buildSettings = {
				COPY_PHASE_STRIP = YES;
				GCC_ENABLE_FIX_AND_CONTINUE = NO;
				ZERO_LINK = NO;
			};
			name = Deployment;
		};
/* End PBXBuildStyle section */

/* Begin PBXFileReference section */
		010FA5BC00EBC65E7F000001 /* main.c */ = {isa = PBXFileReference; comments = "-O0\nTime for performing 'cblas_sdot()' for 1000000 times is 0.9794 \\265secs.\nTime for performing 'cblas_ddot()' for 1000000 times is 1.7376 \\265secs.\nTime for performing 'cblas_ddot()' without JavaMode switch for 1000000 times is 1.1949 \\265secs.\nTime for performing dot() for 1,000,000 times switching java mode is 15.3836 \\265secs.\nTime for performing dot2() for 1,000,000 times is 14.8995 \\265secs.\nTime for performing ddot() for 1,000,000 times is 14.4116 \\265secs.\n"; lastKnownFileType = sourcecode.c.c; path = main.c; sourceTree = "<group>"; };
		010FA5C200EBC89A7F000001 /* main.h */ = {isa = PBXFileReference; lastKnownFileType = sourcecode.c.h; path = main.h; sourceTree = "<group>"; };
		010FA5C400EBCAC47F000001 /* JavaMode.c */ = {isa = PBXFileReference; lastKnownFileType = sourcecode.c.c; path = JavaMode.c; sourceTree = "<group>"; };
		010FA5C600EBCB197F000001 /* JavaMode.h */ = {isa = PBXFileReference; lastKnownFileType = sourcecode.c.h; path = JavaMode.h; sourceTree = "<group>"; };
		010FA5C800EBD2347F000001 /* sdot.c */ = {isa = PBXFileReference; lastKnownFileType = sourcecode.c.c; path = sdot.c; sourceTree = "<group>"; };
		010FA5C900EBD2347F000001 /* snrm2.c */ = {isa = PBXFileReference; lastKnownFileType = sourcecode.c.c; path = snrm2.c; sourceTree = "<group>"; };
		010FA5CA00EBD2347F000001 /* sasum.c */ = {isa = PBXFileReference; lastKnownFileType = sourcecode.c.c; path = sasum.c; sourceTree = "<group>"; };
		010FA5CB00EBD2347F000001 /* isamax.c */ = {isa = PBXFileReference; lastKnownFileType = sourcecode.c.c; path = isamax.c; sourceTree = "<group>"; };
		010FA5CC00EBD2347F000001 /* sswap.c */ = {isa = PBXFileReference; lastKnownFileType = sourcecode.c.c; path = sswap.c; sourceTree = "<group>"; };
		010FA5CD00EBD2347F000001 /* scopy.c */ = {isa = PBXFileReference; lastKnownFileType = sourcecode.c.c; path = scopy.c; sourceTree = "<group>"; };
		010FA5CE00EBD2347F000001 /* saxpy.c */ = {isa = PBXFileReference; lastKnownFileType = sourcecode.c.c; path = saxpy.c; sourceTree = "<group>"; };
		010FA5CF00EBD2347F000001 /* srot.c */ = {isa = PBXFileReference; lastKnownFileType = sourcecode.c.c; path = srot.c; sourceTree = "<group>"; };
		010FA5D000EBD2347F000001 /* sscal.c */ = {isa = PBXFileReference; lastKnownFileType = sourcecode.c.c; path = sscal.c; sourceTree = "<group>"; };
		010FA5D100EBD2347F000001 /* sgemv.c */ = {isa = PBXFileReference; lastKnownFileType = sourcecode.c.c; path = sgemv.c; sourceTree = "<group>"; };
		010FA5D200EBD2347F000001 /* sgemm.c */ = {isa = PBXFileReference; lastKnownFileType = sourcecode.c.c; path = sgemm.c; sourceTree = "<group>"; };
		0249A665FF388DC511CA2CEA /* vBLASSample.app */ = {isa = PBXFileReference; explicitFileType = wrapper.application; path = vBLASSample.app; sourceTree = BUILT_PRODUCTS_DIR; };
		0249A669FF388E3911CA2CEA /* libstdc++.a */ = {isa = PBXFileReference; lastKnownFileType = archive.ar; name = "libstdc++.a"; path = "/usr/lib/gcc/darwin/3.3/libstdc++.a"; sourceTree = "<absolute>"; };
		0640BAA4FFF0323A11CA0E50 /* ApplicationServices.framework */ = {isa = PBXFileReference; lastKnownFileType = wrapper.framework; name = ApplicationServices.framework; path = /System/Library/Frameworks/ApplicationServices.framework; sourceTree = "<absolute>"; };
		0640BAA5FFF0323A11CA0E50 /* CoreServices.framework */ = {isa = PBXFileReference; lastKnownFileType = wrapper.framework; name = CoreServices.framework; path = /System/Library/Frameworks/CoreServices.framework; sourceTree = "<absolute>"; };
		14E667B800E7D81511CA2D69 /* vecLib.framework */ = {isa = PBXFileReference; lastKnownFileType = wrapper.framework; name = vecLib.framework; path = /System/Library/Frameworks/vecLib.framework; sourceTree = "<absolute>"; };
		20286C33FDCF999611CA2CEA /* Carbon.framework */ = {isa = PBXFileReference; lastKnownFileType = wrapper.framework; name = Carbon.framework; path = /System/Library/Frameworks/Carbon.framework; sourceTree = "<absolute>"; };
		C482527E094C75E4006AB7E4 /* Info-vBLASSample__Upgraded_.plist */ = {isa = PBXFileReference; lastKnownFileType = text.xml; path = "Info-vBLASSample__Upgraded_.plist"; sourceTree = "<group>"; };
		C482527F094C75E4006AB7E4 /* vBLASSample.app */ = {isa = PBXFileReference; explicitFileType = wrapper.application; includeInIndex = 0; path = vBLASSample.app; sourceTree = BUILT_PRODUCTS_DIR; };
		C4825476094C82D2006AB7E4 /* libgsl.a */ = {isa = PBXFileReference; lastKnownFileType = archive.ar; name = libgsl.a; path = /usr/local/lib/libgsl.a; sourceTree = "<absolute>"; };
		C4825478094C82E3006AB7E4 /* libgslcblas.a */ = {isa = PBXFileReference; lastKnownFileType = archive.ar; name = libgslcblas.a; path = /usr/local/lib/libgslcblas.a; sourceTree = "<absolute>"; };
/* End PBXFileReference section */

/* Begin PBXFrameworksBuildPhase section */
		20286C3BFDCF999611CA2CEA /* Frameworks */ = {
			isa = PBXFrameworksBuildPhase;
			buildActionMask = 2147483647;
			files = (
				20286C3CFDCF999611CA2CEA /* Carbon.framework in Frameworks */,
				0249A66AFF388E3911CA2CEA /* libstdc++.a in Frameworks */,
				14E667B900E7D81511CA2D69 /* vecLib.framework in Frameworks */,
				14E667BE00EA804E11CA2D69 /* ApplicationServices.framework in Frameworks */,
				14E667BF00EA804E11CA2D69 /* CoreServices.framework in Frameworks */,
			);
			runOnlyForDeploymentPostprocessing = 0;
		};
		C4825273094C75E4006AB7E4 /* Frameworks */ = {
			isa = PBXFrameworksBuildPhase;
			buildActionMask = 2147483647;
			files = (
				C4825274094C75E4006AB7E4 /* Carbon.framework in Frameworks */,
				C4825275094C75E4006AB7E4 /* libstdc++.a in Frameworks */,
				C4825276094C75E4006AB7E4 /* vecLib.framework in Frameworks */,
				C4825277094C75E4006AB7E4 /* ApplicationServices.framework in Frameworks */,
				C4825278094C75E4006AB7E4 /* CoreServices.framework in Frameworks */,
				C4825484094C84CE006AB7E4 /* libgsl.a in Frameworks */,
			);
			runOnlyForDeploymentPostprocessing = 0;
		};
/* End PBXFrameworksBuildPhase section */

/* Begin PBXGroup section */
		195DF8C9FE9D4F0611CA2CBB /* Products */ = {
			isa = PBXGroup;
			children = (
				0249A665FF388DC511CA2CEA /* vBLASSample.app */,
				C482527F094C75E4006AB7E4 /* vBLASSample.app */,
			);
			name = Products;
			sourceTree = "<group>";
		};
		20286C29FDCF999611CA2CEA /* vBLASSample */ = {
			isa = PBXGroup;
			children = (
				20286C2AFDCF999611CA2CEA /* Sources */,
				20286C32FDCF999611CA2CEA /* External Frameworks and Libraries */,
				195DF8C9FE9D4F0611CA2CBB /* Products */,
				C482527E094C75E4006AB7E4 /* Info-vBLASSample__Upgraded_.plist */,
			);
			name = vBLASSample;
			sourceTree = "<group>";
		};
		20286C2AFDCF999611CA2CEA /* Sources */ = {
			isa = PBXGroup;
			children = (
				010FA5C800EBD2347F000001 /* sdot.c */,
				010FA5BC00EBC65E7F000001 /* main.c */,
				010FA5C200EBC89A7F000001 /* main.h */,
				010FA5C400EBCAC47F000001 /* JavaMode.c */,
				010FA5C600EBCB197F000001 /* JavaMode.h */,
				010FA5C900EBD2347F000001 /* snrm2.c */,
				010FA5CA00EBD2347F000001 /* sasum.c */,
				010FA5CB00EBD2347F000001 /* isamax.c */,
				010FA5CC00EBD2347F000001 /* sswap.c */,
				010FA5CD00EBD2347F000001 /* scopy.c */,
				010FA5CE00EBD2347F000001 /* saxpy.c */,
				010FA5CF00EBD2347F000001 /* srot.c */,
				010FA5D000EBD2347F000001 /* sscal.c */,
				010FA5D100EBD2347F000001 /* sgemv.c */,
				010FA5D200EBD2347F000001 /* sgemm.c */,
			);
			name = Sources;
			sourceTree = "<group>";
		};
		20286C32FDCF999611CA2CEA /* External Frameworks and Libraries */ = {
			isa = PBXGroup;
			children = (
				C4825476094C82D2006AB7E4 /* libgsl.a */,
				C4825478094C82E3006AB7E4 /* libgslcblas.a */,
				14E667B800E7D81511CA2D69 /* vecLib.framework */,
				20286C33FDCF999611CA2CEA /* Carbon.framework */,
				0640BAA4FFF0323A11CA0E50 /* ApplicationServices.framework */,
				0640BAA5FFF0323A11CA0E50 /* CoreServices.framework */,
				0249A669FF388E3911CA2CEA /* libstdc++.a */,
			);
			name = "External Frameworks and Libraries";
			sourceTree = "<group>";
		};
/* End PBXGroup section */

/* Begin PBXHeadersBuildPhase section */
		20286C35FDCF999611CA2CEA /* Headers */ = {
			isa = PBXHeadersBuildPhase;
			buildActionMask = 2147483647;
			files = (
				010FA5C300EBC89A7F000001 /* main.h in Headers */,
				010FA5C700EBCB197F000001 /* JavaMode.h in Headers */,
			);
			runOnlyForDeploymentPostprocessing = 0;
		};
		C4825261094C75E4006AB7E4 /* Headers */ = {
			isa = PBXHeadersBuildPhase;
			buildActionMask = 2147483647;
			files = (
				C4825262094C75E4006AB7E4 /* main.h in Headers */,
				C4825263094C75E4006AB7E4 /* JavaMode.h in Headers */,
			);
			runOnlyForDeploymentPostprocessing = 0;
		};
/* End PBXHeadersBuildPhase section */

/* Begin PBXNativeTarget section */
		C4825260094C75E4006AB7E4 /* vBLASSample (Upgraded) */ = {
			isa = PBXNativeTarget;
			buildConfigurationList = C482527A094C75E4006AB7E4 /* Build configuration list for PBXNativeTarget "vBLASSample (Upgraded)" */;
			buildPhases = (
				C4825261094C75E4006AB7E4 /* Headers */,
				C4825264094C75E4006AB7E4 /* Resources */,
				C4825265094C75E4006AB7E4 /* Sources */,
				C4825273094C75E4006AB7E4 /* Frameworks */,
				C4825279094C75E4006AB7E4 /* Rez */,
			);
			buildRules = (
			);
			buildSettings = {
				FRAMEWORK_SEARCH_PATHS = "";
				HEADER_SEARCH_PATHS = "";
				INSTALL_PATH = "$(HOME)/Applications";
				LIBRARY_SEARCH_PATHS = "";
				OTHER_CFLAGS = "-faltivec";
				OTHER_LDFLAGS = "";
				OTHER_REZFLAGS = "";
				PRODUCT_NAME = vBLASSample;
				SECTORDER_FLAGS = "";
				WARNING_CFLAGS = (
					"-Wmost",
					"-Wno-four-char-constants",
					"-Wno-unknown-pragmas",
				);
				WRAPPER_EXTENSION = app;
			};
			comments = "Modified code in sdot.c\n\nVector length 500 float/double\n\n-O0  Calls to the vec library are much faster than regular loops\n\nTime for performing 'cblas_sdot()' for 1000000 times is 0.9794 secs.\nTime for performing 'cblas_ddot()' for 1000000 times is 1.7376 \nTime for performing 'cblas_ddot()' without JavaMode switch for 1000000 times is 1.1949 \nTime for performing dot() for 1,000,000 times switching java mode is 15.3836\nTime for performing dot2() for 1,000,000 times is 14.8995\nTime for performing ddot() for 1,000,000 times is 14.4116 \n\n-O2  Calls are almost as fast, and the vec library calls have gotten slower.\n\nTime for performing 'cblas_sdot()' for 1000000 times is 1.5352 secs.\nTime for performing 'cblas_ddot()' for 1000000 times is 1.5345\nTime for performing 'cblas_ddot()' without JavaMode switch for 1000000 times is 1.1561\nTime for performing dot() for 1,000,000 times switching java mode is 2.0361\nTime for performing dot2() for 1,000,000 times is 2.0319\nTime for performing ddot() for 1,000,000 times is 2.0187\n\n-O3   Why bother with the other code...\n\nTime for performing 'cblas_sdot()' for 1000000 times is 1.1145 secs.\nTime for performing 'cblas_ddot()' for 1000000 times is 1.8271 \nTime for performing 'cblas_ddot()' without JavaMode switch for 1000000 times is 1.2672\nTime for performing dot() for 1,000,000 times switching java mode is 1.1780\nTime for performing dot2() for 1,000,000 times is 1.2302\nTime for performing ddot() for 1,000,000 times is 1.1771\n\n\nVector length 5000 float/double\n\n-O3   Scales in 'natural' way, about 10 times the prior length\n\nTime for performing 'cblas_sdot()' for 1000000 times is 8.2132 secs.\nTime for performing 'cblas_ddot()' for 1000000 times is 21.1347.\nTime for performing 'cblas_ddot()' without JavaMode switch for 1000000 times is 19.0865.\nTime for performing dot() for 1,000,000 times switching java mode is 13.7230.\nTime for performing dot2() for 1,000,000 times is 12.2122.\nTime for performing ddot() for 1,000,000 times is 13.4969.\n\n\n\nGSL\n\n* When swap in the GSL headers (rather than those from Apple), gets worse all around, particularly for the handling of the double vectors.\n\nTime for performing dot() for 1,000,000 times switching java mode is 14.2860 sec\nTime for performing dot2() for 1,000,000 times is 12.2833\nTime for performing ddot() for 1,000,000 times is 26.1603\nTime for performing gsl_vector_ddot() for 1,000,000 times is 27.9454\n\n\n* Must be the libraries that I added for gsl code.  They must be really sllooow because with them in the project, the rest of the code slows as well.\n\nTime for performing 'cblas_sdot()' for 1000000 times is 26.6015 secs\nTime for performing 'cblas_ddot()' for 1000000 times is 27.2114\n\n\n* Removing the library gsl_cblas from the target (keep lib_gsl) gets better performance for gsl_vector_ddot,  but the other programs are still slower.  Evidently, the gsl code looks for cblas and can use the apple version, but ddot is hindered from finding the better methods.\n \nTime for performing dot() for 1,000,000 times switching java mode is 13.7948.\nTime for performing dot2() for 1,000,000 times is 12.7277.\nTime for performing ddot() for 1,000,000 times is 26.6267.          <----- Compare to 13.5\nTime for performing gsl_vector_ddot() for 1,000,000 times is 19.2064.\n\n\n";
			dependencies = (
			);
			name = "vBLASSample (Upgraded)";
			productInstallPath = "$(HOME)/Applications";
			productName = vBLASSample;
			productReference = C482527F094C75E4006AB7E4 /* vBLASSample.app */;
			productType = "com.apple.product-type.application";
		};
/* End PBXNativeTarget section */

/* Begin PBXProject section */
		20286C28FDCF999611CA2CEA /* Project object */ = {
			isa = PBXProject;
			buildConfigurationList = C4A903E9094A1C1A0046698C /* Build configuration list for PBXProject "vBLASSample" */;
			buildSettings = {
			};
			buildStyles = (
				05952DFCFFF02D1B11CA0E50 /* Development */,
				05952DFDFFF02D1B11CA0E50 /* Deployment */,
			);
			hasScannedForEncodings = 0;
			mainGroup = 20286C29FDCF999611CA2CEA /* vBLASSample */;
			projectDirPath = "";
			targets = (
				C4825260094C75E4006AB7E4 /* vBLASSample (Upgraded) */,
				20286C34FDCF999611CA2CEA /* vBLASSample */,
			);
		};
/* End PBXProject section */

/* Begin PBXResourcesBuildPhase section */
		20286C36FDCF999611CA2CEA /* Resources */ = {
			isa = PBXResourcesBuildPhase;
			buildActionMask = 2147483647;
			files = (
			);
			runOnlyForDeploymentPostprocessing = 0;
		};
		C4825264094C75E4006AB7E4 /* Resources */ = {
			isa = PBXResourcesBuildPhase;
			buildActionMask = 2147483647;
			files = (
			);
			runOnlyForDeploymentPostprocessing = 0;
		};
/* End PBXResourcesBuildPhase section */

/* Begin PBXRezBuildPhase section */
		04313892FE3035C9C02AAC07 /* Rez */ = {
			isa = PBXRezBuildPhase;
			buildActionMask = 2147483647;
			files = (
			);
			runOnlyForDeploymentPostprocessing = 0;
		};
		C4825279094C75E4006AB7E4 /* Rez */ = {
			isa = PBXRezBuildPhase;
			buildActionMask = 2147483647;
			files = (
			);
			runOnlyForDeploymentPostprocessing = 0;
		};
/* End PBXRezBuildPhase section */

/* Begin PBXSourcesBuildPhase section */
		20286C38FDCF999611CA2CEA /* Sources */ = {
			isa = PBXSourcesBuildPhase;
			buildActionMask = 2147483647;
			files = (
				010FA5BD00EBC65E7F000001 /* main.c in Sources */,
				010FA5C500EBCAC47F000001 /* JavaMode.c in Sources */,
				010FA5D300EBD2347F000001 /* sdot.c in Sources */,
				010FA5D400EBD2347F000001 /* snrm2.c in Sources */,
				010FA5D500EBD2347F000001 /* sasum.c in Sources */,
				010FA5D600EBD2347F000001 /* isamax.c in Sources */,
				010FA5D700EBD2347F000001 /* sswap.c in Sources */,
				010FA5D800EBD2347F000001 /* scopy.c in Sources */,
				010FA5D900EBD2347F000001 /* saxpy.c in Sources */,
				010FA5DA00EBD2347F000001 /* srot.c in Sources */,
				010FA5DB00EBD2347F000001 /* sscal.c in Sources */,
				010FA5DC00EBD2347F000001 /* sgemv.c in Sources */,
				010FA5DD00EBD2347F000001 /* sgemm.c in Sources */,
			);
			runOnlyForDeploymentPostprocessing = 0;
		};
		C4825265094C75E4006AB7E4 /* Sources */ = {
			isa = PBXSourcesBuildPhase;
			buildActionMask = 2147483647;
			files = (
				C4825266094C75E4006AB7E4 /* main.c in Sources */,
				C4825267094C75E4006AB7E4 /* JavaMode.c in Sources */,
				C4825268094C75E4006AB7E4 /* sdot.c in Sources */,
				C4825269094C75E4006AB7E4 /* snrm2.c in Sources */,
				C482526A094C75E4006AB7E4 /* sasum.c in Sources */,
				C482526B094C75E4006AB7E4 /* isamax.c in Sources */,
				C482526C094C75E4006AB7E4 /* sswap.c in Sources */,
				C482526D094C75E4006AB7E4 /* scopy.c in Sources */,
				C482526E094C75E4006AB7E4 /* saxpy.c in Sources */,
				C482526F094C75E4006AB7E4 /* srot.c in Sources */,
				C4825270094C75E4006AB7E4 /* sscal.c in Sources */,
				C4825271094C75E4006AB7E4 /* sgemv.c in Sources */,
				C4825272094C75E4006AB7E4 /* sgemm.c in Sources */,
			);
			runOnlyForDeploymentPostprocessing = 0;
		};
/* End PBXSourcesBuildPhase section */

/* Begin XCBuildConfiguration section */
		C482527B094C75E4006AB7E4 /* Development */ = {
			isa = XCBuildConfiguration;
			buildSettings = {
				COPY_PHASE_STRIP = NO;
				FRAMEWORK_SEARCH_PATHS = "";
				GCC_ALTIVEC_EXTENSIONS = YES;
				GCC_DYNAMIC_NO_PIC = NO;
				GCC_ENABLE_FIX_AND_CONTINUE = YES;
				GCC_GENERATE_DEBUGGING_SYMBOLS = YES;
				GCC_OPTIMIZATION_LEVEL = 3;
				HEADER_SEARCH_PATHS = "";
				INFOPLIST_FILE = "Info-vBLASSample__Upgraded_.plist";
				INSTALL_PATH = "$(HOME)/Applications";
				LIBRARY_SEARCH_PATHS = "";
				OTHER_CFLAGS = "";
				OTHER_LDFLAGS = "";
				OTHER_REZFLAGS = "";
				PRODUCT_NAME = vBLASSample;
				SECTORDER_FLAGS = "";
				WARNING_CFLAGS = (
					"-Wmost",
					"-Wno-four-char-constants",
					"-Wno-unknown-pragmas",
				);
				WRAPPER_EXTENSION = app;
				ZERO_LINK = YES;
			};
			name = Development;
		};
		C482527C094C75E4006AB7E4 /* Deployment */ = {
			isa = XCBuildConfiguration;
			buildSettings = {
				COPY_PHASE_STRIP = YES;
				FRAMEWORK_SEARCH_PATHS = "";
				GCC_ALTIVEC_EXTENSIONS = YES;
				GCC_ENABLE_FIX_AND_CONTINUE = NO;
				HEADER_SEARCH_PATHS = "";
				INFOPLIST_FILE = "Info-vBLASSample__Upgraded_.plist";
				INSTALL_PATH = "$(HOME)/Applications";
				LIBRARY_SEARCH_PATHS = "";
				OTHER_CFLAGS = "";
				OTHER_LDFLAGS = "";
				OTHER_REZFLAGS = "";
				PRODUCT_NAME = vBLASSample;
				SECTORDER_FLAGS = "";
				WARNING_CFLAGS = (
					"-Wmost",
					"-Wno-four-char-constants",
					"-Wno-unknown-pragmas",
				);
				WRAPPER_EXTENSION = app;
				ZERO_LINK = NO;
			};
			name = Deployment;
		};
		C482527D094C75E4006AB7E4 /* Default */ = {
			isa = XCBuildConfiguration;
			buildSettings = {
				FRAMEWORK_SEARCH_PATHS = "";
				GCC_ALTIVEC_EXTENSIONS = YES;
				HEADER_SEARCH_PATHS = "";
				INFOPLIST_FILE = "Info-vBLASSample__Upgraded_.plist";
				INSTALL_PATH = "$(HOME)/Applications";
				LIBRARY_SEARCH_PATHS = "";
				OTHER_CFLAGS = "";
				OTHER_LDFLAGS = "";
				OTHER_REZFLAGS = "";
				PRODUCT_NAME = vBLASSample;
				SECTORDER_FLAGS = "";
				WARNING_CFLAGS = (
					"-Wmost",
					"-Wno-four-char-constants",
					"-Wno-unknown-pragmas",
				);
				WRAPPER_EXTENSION = app;
			};
			name = Default;
		};
		C4A903E6094A1C1A0046698C /* Development */ = {
			isa = XCBuildConfiguration;
			buildSettings = {
				COPY_PHASE_STRIP = NO;
				FRAMEWORK_SEARCH_PATHS = "";
				GCC_DYNAMIC_NO_PIC = NO;
				GCC_ENABLE_FIX_AND_CONTINUE = YES;
				GCC_GENERATE_DEBUGGING_SYMBOLS = YES;
				GCC_OPTIMIZATION_LEVEL = 0;
				HEADER_SEARCH_PATHS = "";
				INSTALL_PATH = "$(HOME)/Applications";
				LIBRARY_SEARCH_PATHS = "";
				OPTIMIZATION_CFLAGS = "-O0";
				OTHER_CFLAGS = "-faltivec";
				OTHER_LDFLAGS = "";
				OTHER_REZFLAGS = "";
				PRODUCT_NAME = vBLASSample;
				SECTORDER_FLAGS = "";
				WARNING_CFLAGS = (
					"-Wmost",
					"-Wno-four-char-constants",
					"-Wno-unknown-pragmas",
				);
				WRAPPER_EXTENSION = app;
				ZERO_LINK = YES;
			};
			name = Development;
		};
		C4A903E7094A1C1A0046698C /* Deployment */ = {
			isa = XCBuildConfiguration;
			buildSettings = {
				COPY_PHASE_STRIP = YES;
				FRAMEWORK_SEARCH_PATHS = "";
				GCC_ENABLE_FIX_AND_CONTINUE = NO;
				HEADER_SEARCH_PATHS = "";
				INSTALL_PATH = "$(HOME)/Applications";
				LIBRARY_SEARCH_PATHS = "";
				OTHER_CFLAGS = "-faltivec";
				OTHER_LDFLAGS = "";
				OTHER_REZFLAGS = "";
				PRODUCT_NAME = vBLASSample;
				SECTORDER_FLAGS = "";
				WARNING_CFLAGS = (
					"-Wmost",
					"-Wno-four-char-constants",
					"-Wno-unknown-pragmas",
				);
				WRAPPER_EXTENSION = app;
				ZERO_LINK = NO;
			};
			name = Deployment;
		};
		C4A903E8094A1C1A0046698C /* Default */ = {
			isa = XCBuildConfiguration;
			buildSettings = {
				FRAMEWORK_SEARCH_PATHS = "";
				HEADER_SEARCH_PATHS = "";
				INSTALL_PATH = "$(HOME)/Applications";
				LIBRARY_SEARCH_PATHS = "";
				OTHER_CFLAGS = "-faltivec";
				OTHER_LDFLAGS = "";
				OTHER_REZFLAGS = "";
				PRODUCT_NAME = vBLASSample;
				SECTORDER_FLAGS = "";
				WARNING_CFLAGS = (
					"-Wmost",
					"-Wno-four-char-constants",
					"-Wno-unknown-pragmas",
				);
				WRAPPER_EXTENSION = app;
			};
			name = Default;
		};
		C4A903EA094A1C1A0046698C /* Development */ = {
			isa = XCBuildConfiguration;
			buildSettings = {
			};
			name = Development;
		};
		C4A903EB094A1C1A0046698C /* Deployment */ = {
			isa = XCBuildConfiguration;
			buildSettings = {
			};
			name = Deployment;
		};
		C4A903EC094A1C1A0046698C /* Default */ = {
			isa = XCBuildConfiguration;
			buildSettings = {
			};
			name = Default;
		};
/* End XCBuildConfiguration section */

/* Begin XCConfigurationList section */
		C482527A094C75E4006AB7E4 /* Build configuration list for PBXNativeTarget "vBLASSample (Upgraded)" */ = {
			isa = XCConfigurationList;
			buildConfigurations = (
				C482527B094C75E4006AB7E4 /* Development */,
				C482527C094C75E4006AB7E4 /* Deployment */,
				C482527D094C75E4006AB7E4 /* Default */,
			);
			defaultConfigurationIsVisible = 0;
			defaultConfigurationName = Default;
		};
		C4A903E5094A1C1A0046698C /* Build configuration list for PBXApplicationTarget "vBLASSample" */ = {
			isa = XCConfigurationList;
			buildConfigurations = (
				C4A903E6094A1C1A0046698C /* Development */,
				C4A903E7094A1C1A0046698C /* Deployment */,
				C4A903E8094A1C1A0046698C /* Default */,
			);
			defaultConfigurationIsVisible = 0;
			defaultConfigurationName = Default;
		};
		C4A903E9094A1C1A0046698C /* Build configuration list for PBXProject "vBLASSample" */ = {
			isa = XCConfigurationList;
			buildConfigurations = (
				C4A903EA094A1C1A0046698C /* Development */,
				C4A903EB094A1C1A0046698C /* Deployment */,
				C4A903EC094A1C1A0046698C /* Default */,
			);
			defaultConfigurationIsVisible = 0;
			defaultConfigurationName = Default;
		};
/* End XCConfigurationList section */
	};
	rootObject = 20286C28FDCF999611CA2CEA /* Project object */;
}
