// !$*UTF8*$!
{
	archiveVersion = 1;
	classes = {
	};
	objectVersion = 38;
	objects = {
		010FA5BC00EBC65E7F000001 = {
			isa = PBXFileReference;
			path = main.c;
			refType = 4;
		};
		010FA5BD00EBC65E7F000001 = {
			fileRef = 010FA5BC00EBC65E7F000001;
			isa = PBXBuildFile;
			settings = {
			};
		};
		010FA5C200EBC89A7F000001 = {
			isa = PBXFileReference;
			path = main.h;
			refType = 4;
		};
		010FA5C300EBC89A7F000001 = {
			fileRef = 010FA5C200EBC89A7F000001;
			isa = PBXBuildFile;
			settings = {
			};
		};
		010FA5C400EBCAC47F000001 = {
			isa = PBXFileReference;
			path = JavaMode.c;
			refType = 4;
		};
		010FA5C500EBCAC47F000001 = {
			fileRef = 010FA5C400EBCAC47F000001;
			isa = PBXBuildFile;
			settings = {
			};
		};
		010FA5C600EBCB197F000001 = {
			isa = PBXFileReference;
			path = JavaMode.h;
			refType = 4;
		};
		010FA5C700EBCB197F000001 = {
			fileRef = 010FA5C600EBCB197F000001;
			isa = PBXBuildFile;
			settings = {
			};
		};
		010FA5C800EBD2347F000001 = {
			isa = PBXFileReference;
			path = sdot.c;
			refType = 4;
		};
		010FA5C900EBD2347F000001 = {
			isa = PBXFileReference;
			path = snrm2.c;
			refType = 4;
		};
		010FA5CA00EBD2347F000001 = {
			isa = PBXFileReference;
			path = sasum.c;
			refType = 4;
		};
		010FA5CB00EBD2347F000001 = {
			isa = PBXFileReference;
			path = isamax.c;
			refType = 4;
		};
		010FA5CC00EBD2347F000001 = {
			isa = PBXFileReference;
			path = sswap.c;
			refType = 4;
		};
		010FA5CD00EBD2347F000001 = {
			isa = PBXFileReference;
			path = scopy.c;
			refType = 4;
		};
		010FA5CE00EBD2347F000001 = {
			isa = PBXFileReference;
			path = saxpy.c;
			refType = 4;
		};
		010FA5CF00EBD2347F000001 = {
			isa = PBXFileReference;
			path = srot.c;
			refType = 4;
		};
		010FA5D000EBD2347F000001 = {
			isa = PBXFileReference;
			path = sscal.c;
			refType = 4;
		};
		010FA5D100EBD2347F000001 = {
			isa = PBXFileReference;
			path = sgemv.c;
			refType = 4;
		};
		010FA5D200EBD2347F000001 = {
			isa = PBXFileReference;
			path = sgemm.c;
			refType = 4;
		};
		010FA5D300EBD2347F000001 = {
			fileRef = 010FA5C800EBD2347F000001;
			isa = PBXBuildFile;
			settings = {
			};
		};
		010FA5D400EBD2347F000001 = {
			fileRef = 010FA5C900EBD2347F000001;
			isa = PBXBuildFile;
			settings = {
			};
		};
		010FA5D500EBD2347F000001 = {
			fileRef = 010FA5CA00EBD2347F000001;
			isa = PBXBuildFile;
			settings = {
			};
		};
		010FA5D600EBD2347F000001 = {
			fileRef = 010FA5CB00EBD2347F000001;
			isa = PBXBuildFile;
			settings = {
			};
		};
		010FA5D700EBD2347F000001 = {
			fileRef = 010FA5CC00EBD2347F000001;
			isa = PBXBuildFile;
			settings = {
			};
		};
		010FA5D800EBD2347F000001 = {
			fileRef = 010FA5CD00EBD2347F000001;
			isa = PBXBuildFile;
			settings = {
			};
		};
		010FA5D900EBD2347F000001 = {
			fileRef = 010FA5CE00EBD2347F000001;
			isa = PBXBuildFile;
			settings = {
			};
		};
		010FA5DA00EBD2347F000001 = {
			fileRef = 010FA5CF00EBD2347F000001;
			isa = PBXBuildFile;
			settings = {
			};
		};
		010FA5DB00EBD2347F000001 = {
			fileRef = 010FA5D000EBD2347F000001;
			isa = PBXBuildFile;
			settings = {
			};
		};
		010FA5DC00EBD2347F000001 = {
			fileRef = 010FA5D100EBD2347F000001;
			isa = PBXBuildFile;
			settings = {
			};
		};
		010FA5DD00EBD2347F000001 = {
			fileRef = 010FA5D200EBD2347F000001;
			isa = PBXBuildFile;
			settings = {
			};
		};
//010
//011
//012
//013
//014
//020
//021
//022
//023
//024
		0249A665FF388DC511CA2CEA = {
			isa = PBXApplicationReference;
			path = vBLASSample.app;
			refType = 3;
		};
		0249A669FF388E3911CA2CEA = {
			isa = PBXFileReference;
			name = "libstdc++.a";
			path = "/usr/lib/libstdc++.a";
			refType = 0;
		};
		0249A66AFF388E3911CA2CEA = {
			fileRef = 0249A669FF388E3911CA2CEA;
			isa = PBXBuildFile;
			settings = {
			};
		};
//020
//021
//022
//023
//024
//040
//041
//042
//043
//044
		04313892FE3035C9C02AAC07 = {
			buildActionMask = 2147483647;
			files = (
			);
			isa = PBXRezBuildPhase;
		};
//040
//041
//042
//043
//044
//050
//051
//052
//053
//054
		05952DFCFFF02D1B11CA0E50 = {
			buildRules = (
			);
			buildSettings = {
				COPY_PHASE_STRIP = NO;
				OPTIMIZATION_CFLAGS = "-O0";
			};
			isa = PBXBuildStyle;
			name = Development;
		};
		05952DFDFFF02D1B11CA0E50 = {
			buildRules = (
			);
			buildSettings = {
				COPY_PHASE_STRIP = YES;
			};
			isa = PBXBuildStyle;
			name = Deployment;
		};
//050
//051
//052
//053
//054
//060
//061
//062
//063
//064
		0640BAA4FFF0323A11CA0E50 = {
			isa = PBXFrameworkReference;
			name = ApplicationServices.framework;
			path = /System/Library/Frameworks/ApplicationServices.framework;
			refType = 0;
		};
		0640BAA5FFF0323A11CA0E50 = {
			isa = PBXFrameworkReference;
			name = CoreServices.framework;
			path = /System/Library/Frameworks/CoreServices.framework;
			refType = 0;
		};
//060
//061
//062
//063
//064
//140
//141
//142
//143
//144
		14E667B800E7D81511CA2D69 = {
			isa = PBXFrameworkReference;
			name = vecLib.framework;
			path = /System/Library/Frameworks/vecLib.framework;
			refType = 0;
		};
		14E667B900E7D81511CA2D69 = {
			fileRef = 14E667B800E7D81511CA2D69;
			isa = PBXBuildFile;
			settings = {
			};
		};
		14E667BE00EA804E11CA2D69 = {
			fileRef = 0640BAA4FFF0323A11CA0E50;
			isa = PBXBuildFile;
			settings = {
			};
		};
		14E667BF00EA804E11CA2D69 = {
			fileRef = 0640BAA5FFF0323A11CA0E50;
			isa = PBXBuildFile;
			settings = {
			};
		};
//140
//141
//142
//143
//144
//190
//191
//192
//193
//194
		195DF8C9FE9D4F0611CA2CBB = {
			children = (
				0249A665FF388DC511CA2CEA,
			);
			isa = PBXGroup;
			name = Products;
			refType = 4;
		};
//190
//191
//192
//193
//194
//200
//201
//202
//203
//204
		20286C28FDCF999611CA2CEA = {
			buildStyles = (
				05952DFCFFF02D1B11CA0E50,
				05952DFDFFF02D1B11CA0E50,
			);
			isa = PBXProject;
			mainGroup = 20286C29FDCF999611CA2CEA;
			projectDirPath = "";
			targets = (
				20286C34FDCF999611CA2CEA,
			);
		};
		20286C29FDCF999611CA2CEA = {
			children = (
				20286C2AFDCF999611CA2CEA,
				20286C32FDCF999611CA2CEA,
				195DF8C9FE9D4F0611CA2CBB,
			);
			isa = PBXGroup;
			name = vBLASSample;
			path = "";
			refType = 4;
		};
		20286C2AFDCF999611CA2CEA = {
			children = (
				010FA5BC00EBC65E7F000001,
				010FA5C200EBC89A7F000001,
				010FA5C400EBCAC47F000001,
				010FA5C600EBCB197F000001,
				010FA5C800EBD2347F000001,
				010FA5C900EBD2347F000001,
				010FA5CA00EBD2347F000001,
				010FA5CB00EBD2347F000001,
				010FA5CC00EBD2347F000001,
				010FA5CD00EBD2347F000001,
				010FA5CE00EBD2347F000001,
				010FA5CF00EBD2347F000001,
				010FA5D000EBD2347F000001,
				010FA5D100EBD2347F000001,
				010FA5D200EBD2347F000001,
			);
			isa = PBXGroup;
			name = Sources;
			path = "";
			refType = 4;
		};
		20286C32FDCF999611CA2CEA = {
			children = (
				14E667B800E7D81511CA2D69,
				20286C33FDCF999611CA2CEA,
				0249A669FF388E3911CA2CEA,
				0640BAA4FFF0323A11CA0E50,
				0640BAA5FFF0323A11CA0E50,
			);
			isa = PBXGroup;
			name = "External Frameworks and Libraries";
			path = "";
			refType = 4;
		};
		20286C33FDCF999611CA2CEA = {
			isa = PBXFrameworkReference;
			name = Carbon.framework;
			path = /System/Library/Frameworks/Carbon.framework;
			refType = 0;
		};
		20286C34FDCF999611CA2CEA = {
			buildPhases = (
				20286C35FDCF999611CA2CEA,
				20286C36FDCF999611CA2CEA,
				20286C38FDCF999611CA2CEA,
				20286C3BFDCF999611CA2CEA,
				04313892FE3035C9C02AAC07,
			);
			buildSettings = {
				FRAMEWORK_SEARCH_PATHS = "";
				HEADER_SEARCH_PATHS = "";
				INSTALL_PATH = "$(HOME)/Applications";
				LIBRARY_SEARCH_PATHS = "";
				OTHER_CFLAGS = "-faltivec";
				OTHER_LDFLAGS = "";
				OTHER_REZFLAGS = "";
				PRODUCT_NAME = vBLASSample;
				SECTORDER_FLAGS = "";
				WARNING_CFLAGS = "-Wmost -Wno-four-char-constants -Wno-unknown-pragmas";
				WRAPPER_EXTENSION = app;
			};
			dependencies = (
			);
			isa = PBXApplicationTarget;
			name = vBLASSample;
			productInstallPath = "$(HOME)/Applications";
			productName = vBLASSample;
			productReference = 0249A665FF388DC511CA2CEA;
			productSettingsXML = "<?xml version=\"1.0\" encoding=\"UTF-8\"?>
<!DOCTYPE plist SYSTEM \"file://localhost/System/Library/DTDs/PropertyList.dtd\">
<plist version=\"0.9\">
<dict>
	<key>CFBundleDevelopmentRegion</key>
	<string>English</string>
	<key>CFBundleExecutable</key>
	<string>vBLASSample</string>
	<key>CFBundleIconFile</key>
	<string></string>
	<key>CFBundleInfoDictionaryVersion</key>
	<string>6.0</string>
	<key>CFBundlePackageType</key>
	<string>APPL</string>
	<key>CFBundleSignature</key>
	<string>????</string>
	<key>CFBundleVersion</key>
	<string>0.1</string>
	<key>CSResourcesFileMapped</key>
	<true/>
</dict>
</plist>
";
			shouldUseHeadermap = 1;
		};
		20286C35FDCF999611CA2CEA = {
			buildActionMask = 2147483647;
			files = (
				010FA5C300EBC89A7F000001,
				010FA5C700EBCB197F000001,
			);
			isa = PBXHeadersBuildPhase;
		};
		20286C36FDCF999611CA2CEA = {
			buildActionMask = 2147483647;
			files = (
			);
			isa = PBXResourcesBuildPhase;
		};
		20286C38FDCF999611CA2CEA = {
			buildActionMask = 2147483647;
			files = (
				010FA5BD00EBC65E7F000001,
				010FA5C500EBCAC47F000001,
				010FA5D300EBD2347F000001,
				010FA5D400EBD2347F000001,
				010FA5D500EBD2347F000001,
				010FA5D600EBD2347F000001,
				010FA5D700EBD2347F000001,
				010FA5D800EBD2347F000001,
				010FA5D900EBD2347F000001,
				010FA5DA00EBD2347F000001,
				010FA5DB00EBD2347F000001,
				010FA5DC00EBD2347F000001,
				010FA5DD00EBD2347F000001,
			);
			isa = PBXSourcesBuildPhase;
		};
		20286C3BFDCF999611CA2CEA = {
			buildActionMask = 2147483647;
			files = (
				20286C3CFDCF999611CA2CEA,
				0249A66AFF388E3911CA2CEA,
				14E667B900E7D81511CA2D69,
				14E667BE00EA804E11CA2D69,
				14E667BF00EA804E11CA2D69,
			);
			isa = PBXFrameworksBuildPhase;
		};
		20286C3CFDCF999611CA2CEA = {
			fileRef = 20286C33FDCF999611CA2CEA;
			isa = PBXBuildFile;
			settings = {
			};
		};
	};
	rootObject = 20286C28FDCF999611CA2CEA;
}
