// !$*UTF8*$!
{
	archiveVersion = 1;
	classes = {
	};
	objectVersion = 42;
	objects = {

/* Begin PBXBuildStyle section */
		014CEA520018CE5811CA2923 /* Debug */ = {
			isa = PBXBuildStyle;
			buildSettings = {
				COPY_PHASE_STRIP = NO;
				DEBUGGING_SYMBOLS = YES;
				GCC_DYNAMIC_NO_PIC = NO;
				GCC_ENABLE_FIX_AND_CONTINUE = YES;
				GCC_GENERATE_DEBUGGING_SYMBOLS = YES;
				GCC_OPTIMIZATION_LEVEL = 0;
				OPTIMIZATION_CFLAGS = "-O0";
				ZERO_LINK = YES;
			};
			name = Debug;
		};
		014CEA530018CE5811CA2923 /* Release */ = {
			isa = PBXBuildStyle;
			buildSettings = {
				COPY_PHASE_STRIP = YES;
				GCC_ENABLE_FIX_AND_CONTINUE = NO;
				ZERO_LINK = NO;
			};
			name = Release;
		};
/* End PBXBuildStyle section */

/* Begin PBXFileReference section */
		C405AF3008C8D5CC006FE2C5 /* Makefile */ = {isa = PBXFileReference; fileEncoding = 30; lastKnownFileType = sourcecode.make; path = Makefile; sourceTree = "<group>"; };
/* End PBXFileReference section */

/* Begin PBXGroup section */
		08FB7794FE84155DC02AAC07 /* auctions_make */ = {
			isa = PBXGroup;
			children = (
				C405AF3008C8D5CC006FE2C5 /* Makefile */,
			);
			name = auctions_make;
			sourceTree = "<group>";
		};
/* End PBXGroup section */

/* Begin PBXLegacyTarget section */
		D28A88AD04BDD90700651E21 /* auctions_make */ = {
			isa = PBXLegacyTarget;
			buildArgumentsString = "$(ACTION)";
			buildConfigurationList = C405AF2608C8D5C5006FE2C5 /* Build configuration list for PBXLegacyTarget "auctions_make" */;
			buildPhases = (
			);
			buildSettings = {
				OTHER_CFLAGS = "";
				OTHER_LDFLAGS = "";
				PRODUCT_NAME = auctions_make;
			};
			buildToolPath = /usr/bin/make;
			dependencies = (
			);
			name = auctions_make;
			passBuildSettingsInEnvironment = 1;
			productName = auctions_make;
		};
/* End PBXLegacyTarget section */

/* Begin PBXProject section */
		08FB7793FE84155DC02AAC07 /* Project object */ = {
			isa = PBXProject;
			buildConfigurationList = C405AF2A08C8D5C5006FE2C5 /* Build configuration list for PBXProject "auctions_make" */;
			buildSettings = {
			};
			buildStyles = (
				014CEA520018CE5811CA2923 /* Debug */,
				014CEA530018CE5811CA2923 /* Release */,
			);
			hasScannedForEncodings = 1;
			mainGroup = 08FB7794FE84155DC02AAC07 /* auctions_make */;
			projectDirPath = "";
			targets = (
				D28A88AD04BDD90700651E21 /* auctions_make */,
			);
		};
/* End PBXProject section */

/* Begin XCBuildConfiguration section */
		C405AF2708C8D5C5006FE2C5 /* Debug */ = {
			isa = XCBuildConfiguration;
			buildSettings = {
				COPY_PHASE_STRIP = NO;
				DEBUGGING_SYMBOLS = YES;
				GCC_DYNAMIC_NO_PIC = NO;
				GCC_ENABLE_FIX_AND_CONTINUE = YES;
				GCC_GENERATE_DEBUGGING_SYMBOLS = YES;
				GCC_OPTIMIZATION_LEVEL = 0;
				OPTIMIZATION_CFLAGS = "-O0";
				OTHER_CFLAGS = "";
				OTHER_LDFLAGS = "";
				PRODUCT_NAME = auctions_make;
				ZERO_LINK = YES;
			};
			name = Debug;
		};
		C405AF2808C8D5C5006FE2C5 /* Release */ = {
			isa = XCBuildConfiguration;
			buildSettings = {
				COPY_PHASE_STRIP = YES;
				GCC_ENABLE_FIX_AND_CONTINUE = NO;
				OTHER_CFLAGS = "";
				OTHER_LDFLAGS = "";
				PRODUCT_NAME = auctions_make;
				ZERO_LINK = NO;
			};
			name = Release;
		};
		C405AF2908C8D5C5006FE2C5 /* Default */ = {
			isa = XCBuildConfiguration;
			buildSettings = {
				OTHER_CFLAGS = "";
				OTHER_LDFLAGS = "";
				PRODUCT_NAME = auctions_make;
			};
			name = Default;
		};
		C405AF2B08C8D5C5006FE2C5 /* Debug */ = {
			isa = XCBuildConfiguration;
			buildSettings = {
			};
			name = Debug;
		};
		C405AF2C08C8D5C5006FE2C5 /* Release */ = {
			isa = XCBuildConfiguration;
			buildSettings = {
			};
			name = Release;
		};
		C405AF2D08C8D5C5006FE2C5 /* Default */ = {
			isa = XCBuildConfiguration;
			buildSettings = {
			};
			name = Default;
		};
/* End XCBuildConfiguration section */

/* Begin XCConfigurationList section */
		C405AF2608C8D5C5006FE2C5 /* Build configuration list for PBXLegacyTarget "auctions_make" */ = {
			isa = XCConfigurationList;
			buildConfigurations = (
				C405AF2708C8D5C5006FE2C5 /* Debug */,
				C405AF2808C8D5C5006FE2C5 /* Release */,
				C405AF2908C8D5C5006FE2C5 /* Default */,
			);
			defaultConfigurationIsVisible = 0;
			defaultConfigurationName = Default;
		};
		C405AF2A08C8D5C5006FE2C5 /* Build configuration list for PBXProject "auctions_make" */ = {
			isa = XCConfigurationList;
			buildConfigurations = (
				C405AF2B08C8D5C5006FE2C5 /* Debug */,
				C405AF2C08C8D5C5006FE2C5 /* Release */,
				C405AF2D08C8D5C5006FE2C5 /* Default */,
			);
			defaultConfigurationIsVisible = 0;
			defaultConfigurationName = Default;
		};
/* End XCConfigurationList section */
	};
	rootObject = 08FB7793FE84155DC02AAC07 /* Project object */;
}
