// !$*UTF8*$!
{
	archiveVersion = 1;
	classes = {
	};
	objectVersion = 42;
	objects = {

/* Begin PBXBuildFile section */
		C42AC79B0CE4FC7600B337DB /* function_iterators.cc in Sources */ = {isa = PBXBuildFile; fileRef = C4C88F4608C638B5000E7EEE /* function_iterators.cc */; };
		C4C88F5C08C6394E000E7EEE /* range.test.cc in Sources */ = {isa = PBXBuildFile; fileRef = C4C88F2B08C638B5000E7EEE /* range.test.cc */; };
		C4C88F6F08C63A2F000E7EEE /* range_traits.cc in Sources */ = {isa = PBXBuildFile; fileRef = C4C88F2208C638B5000E7EEE /* range_traits.cc */; };
		C4C88F7108C63A31000E7EEE /* sparse_iterator.test.cc in Sources */ = {isa = PBXBuildFile; fileRef = C4C88F3E08C638B5000E7EEE /* sparse_iterator.test.cc */; };
		C4C88F8408C63AF2000E7EEE /* function_iterators.test.cc in Sources */ = {isa = PBXBuildFile; fileRef = C4C88F3108C638B5000E7EEE /* function_iterators.test.cc */; };
		C4C88F8A08C63B1E000E7EEE /* function_iterators.test.cc in Sources */ = {isa = PBXBuildFile; fileRef = C4C88F3108C638B5000E7EEE /* function_iterators.test.cc */; };
		C4C88FAD08C64026000E7EEE /* range_ops.test.cc in Sources */ = {isa = PBXBuildFile; fileRef = C4C88F2408C638B5000E7EEE /* range_ops.test.cc */; };
		C4C88FAE08C64027000E7EEE /* range_ops.cc in Sources */ = {isa = PBXBuildFile; fileRef = C4C88F3F08C638B5000E7EEE /* range_ops.cc */; };
		C4C88FC508C64120000E7EEE /* range_stats.test.cc in Sources */ = {isa = PBXBuildFile; fileRef = C4C88F1C08C638B5000E7EEE /* range_stats.test.cc */; };
		C4C88FC608C64122000E7EEE /* range_stats.cc in Sources */ = {isa = PBXBuildFile; fileRef = C4C88F1D08C638B5000E7EEE /* range_stats.cc */; };
		C4C88FD508C64294000E7EEE /* anonymous_iterator.cc in Sources */ = {isa = PBXBuildFile; fileRef = C4C88F4508C638B5000E7EEE /* anonymous_iterator.cc */; };
		C4C88FD608C64295000E7EEE /* anonymous_iterator.test.cc in Sources */ = {isa = PBXBuildFile; fileRef = C4C88F1F08C638B5000E7EEE /* anonymous_iterator.test.cc */; };
		C4C88FE108C642DB000E7EEE /* anonymous_iterator.cc in Sources */ = {isa = PBXBuildFile; fileRef = C4C88F4508C638B5000E7EEE /* anonymous_iterator.cc */; };
		C4C88FE208C642E8000E7EEE /* function_iterators.cc in Sources */ = {isa = PBXBuildFile; fileRef = C4C88F4608C638B5000E7EEE /* function_iterators.cc */; };
		C4C88FE308C642EC000E7EEE /* matrix.cc in Sources */ = {isa = PBXBuildFile; fileRef = C4C88F4408C638B5000E7EEE /* matrix.cc */; };
		C4C88FE408C642F3000E7EEE /* range.cc in Sources */ = {isa = PBXBuildFile; fileRef = C4C88F3408C638B5000E7EEE /* range.cc */; };
		C4C88FE508C642F6000E7EEE /* range_ops.cc in Sources */ = {isa = PBXBuildFile; fileRef = C4C88F3F08C638B5000E7EEE /* range_ops.cc */; };
		C4C88FE608C642F9000E7EEE /* range_stats.cc in Sources */ = {isa = PBXBuildFile; fileRef = C4C88F1D08C638B5000E7EEE /* range_stats.cc */; };
		C4C88FE708C642FF000E7EEE /* range_traits.cc in Sources */ = {isa = PBXBuildFile; fileRef = C4C88F2208C638B5000E7EEE /* range_traits.cc */; };
		C4C88FF408C6436D000E7EEE /* matrix.cc in Sources */ = {isa = PBXBuildFile; fileRef = C4C88F4408C638B5000E7EEE /* matrix.cc */; };
		C4C88FF508C6436F000E7EEE /* matrix.test.cc in Sources */ = {isa = PBXBuildFile; fileRef = C4C88F2608C638B5000E7EEE /* matrix.test.cc */; };
		C4C8900208C643D0000E7EEE /* vectorize.cc in Sources */ = {isa = PBXBuildFile; fileRef = C4C88F2908C638B5000E7EEE /* vectorize.cc */; };
		C4C8900308C643D1000E7EEE /* vectorize.test.cc in Sources */ = {isa = PBXBuildFile; fileRef = C4C88F2A08C638B5000E7EEE /* vectorize.test.cc */; };
/* End PBXBuildFile section */

/* Begin PBXFileReference section */
		C4C88F1C08C638B5000E7EEE /* range_stats.test.cc */ = {isa = PBXFileReference; fileEncoding = 30; lastKnownFileType = sourcecode.cpp.cpp; path = range_stats.test.cc; sourceTree = "<group>"; };
		C4C88F1D08C638B5000E7EEE /* range_stats.cc */ = {isa = PBXFileReference; fileEncoding = 30; lastKnownFileType = sourcecode.cpp.cpp; path = range_stats.cc; sourceTree = "<group>"; };
		C4C88F1E08C638B5000E7EEE /* sparse_iterator.Template.h */ = {isa = PBXFileReference; fileEncoding = 30; lastKnownFileType = sourcecode.c.h; path = sparse_iterator.Template.h; sourceTree = "<group>"; };
		C4C88F1F08C638B5000E7EEE /* anonymous_iterator.test.cc */ = {isa = PBXFileReference; fileEncoding = 30; lastKnownFileType = sourcecode.cpp.cpp; path = anonymous_iterator.test.cc; sourceTree = "<group>"; };
		C4C88F2008C638B5000E7EEE /* range_stats.h */ = {isa = PBXFileReference; fileEncoding = 30; lastKnownFileType = sourcecode.c.h; path = range_stats.h; sourceTree = "<group>"; };
		C4C88F2108C638B5000E7EEE /* range_traits.h */ = {isa = PBXFileReference; fileEncoding = 30; lastKnownFileType = sourcecode.c.h; path = range_traits.h; sourceTree = "<group>"; };
		C4C88F2208C638B5000E7EEE /* range_traits.cc */ = {isa = PBXFileReference; fileEncoding = 30; lastKnownFileType = sourcecode.cpp.cpp; path = range_traits.cc; sourceTree = "<group>"; };
		C4C88F2308C638B5000E7EEE /* sparse_iterator.h */ = {isa = PBXFileReference; fileEncoding = 30; lastKnownFileType = sourcecode.c.h; path = sparse_iterator.h; sourceTree = "<group>"; };
		C4C88F2408C638B5000E7EEE /* range_ops.test.cc */ = {isa = PBXFileReference; fileEncoding = 30; lastKnownFileType = sourcecode.cpp.cpp; path = range_ops.test.cc; sourceTree = "<group>"; };
		C4C88F2508C638B5000E7EEE /* anonymous_iterator.h */ = {isa = PBXFileReference; fileEncoding = 30; lastKnownFileType = sourcecode.c.h; path = anonymous_iterator.h; sourceTree = "<group>"; };
		C4C88F2608C638B5000E7EEE /* matrix.test.cc */ = {isa = PBXFileReference; fileEncoding = 30; lastKnownFileType = sourcecode.cpp.cpp; path = matrix.test.cc; sourceTree = "<group>"; };
		C4C88F2708C638B5000E7EEE /* matrix.Template.h */ = {isa = PBXFileReference; fileEncoding = 30; lastKnownFileType = sourcecode.c.h; path = matrix.Template.h; sourceTree = "<group>"; };
		C4C88F2808C638B5000E7EEE /* vectorize.h */ = {isa = PBXFileReference; fileEncoding = 30; lastKnownFileType = sourcecode.c.h; path = vectorize.h; sourceTree = "<group>"; };
		C4C88F2908C638B5000E7EEE /* vectorize.cc */ = {isa = PBXFileReference; fileEncoding = 30; lastKnownFileType = sourcecode.cpp.cpp; path = vectorize.cc; sourceTree = "<group>"; };
		C4C88F2A08C638B5000E7EEE /* vectorize.test.cc */ = {isa = PBXFileReference; fileEncoding = 30; lastKnownFileType = sourcecode.cpp.cpp; path = vectorize.test.cc; sourceTree = "<group>"; };
		C4C88F2B08C638B5000E7EEE /* range.test.cc */ = {isa = PBXFileReference; fileEncoding = 30; lastKnownFileType = sourcecode.cpp.cpp; path = range.test.cc; sourceTree = "<group>"; };
		C4C88F2C08C638B5000E7EEE /* range.h */ = {isa = PBXFileReference; fileEncoding = 30; lastKnownFileType = sourcecode.c.h; path = range.h; sourceTree = "<group>"; };
		C4C88F2D08C638B5000E7EEE /* evaluator.cc */ = {isa = PBXFileReference; fileEncoding = 30; lastKnownFileType = sourcecode.cpp.cpp; path = evaluator.cc; sourceTree = "<group>"; };
		C4C88F2E08C638B5000E7EEE /* speed_test.big.cc */ = {isa = PBXFileReference; fileEncoding = 30; lastKnownFileType = sourcecode.cpp.cpp; path = speed_test.big.cc; sourceTree = "<group>"; };
		C4C88F2F08C638B5000E7EEE /* speed.test.cc */ = {isa = PBXFileReference; fileEncoding = 30; lastKnownFileType = sourcecode.cpp.cpp; path = speed.test.cc; sourceTree = "<group>"; };
		C4C88F3008C638B5000E7EEE /* range_ops.h */ = {isa = PBXFileReference; fileEncoding = 30; lastKnownFileType = sourcecode.c.h; path = range_ops.h; sourceTree = "<group>"; };
		C4C88F3108C638B5000E7EEE /* function_iterators.test.cc */ = {isa = PBXFileReference; fileEncoding = 30; lastKnownFileType = sourcecode.cpp.cpp; path = function_iterators.test.cc; sourceTree = "<group>"; };
		C4C88F3208C638B5000E7EEE /* function_iterators.Template.h */ = {isa = PBXFileReference; fileEncoding = 30; lastKnownFileType = sourcecode.c.h; path = function_iterators.Template.h; sourceTree = "<group>"; };
		C4C88F3308C638B5000E7EEE /* function_iterators.h */ = {isa = PBXFileReference; fileEncoding = 30; lastKnownFileType = sourcecode.c.h; path = function_iterators.h; sourceTree = "<group>"; };
		C4C88F3408C638B5000E7EEE /* range.cc */ = {isa = PBXFileReference; fileEncoding = 30; lastKnownFileType = sourcecode.cpp.cpp; path = range.cc; sourceTree = "<group>"; };
		C4C88F3508C638B5000E7EEE /* composer.h */ = {isa = PBXFileReference; fileEncoding = 30; lastKnownFileType = sourcecode.c.h; path = composer.h; sourceTree = "<group>"; };
		C4C88F3608C638B5000E7EEE /* sparse_iterator.cc */ = {isa = PBXFileReference; fileEncoding = 30; lastKnownFileType = sourcecode.cpp.cpp; path = sparse_iterator.cc; sourceTree = "<group>"; };
		C4C88F3708C638B5000E7EEE /* range_traits.test.cc */ = {isa = PBXFileReference; fileEncoding = 30; lastKnownFileType = sourcecode.cpp.cpp; path = range_traits.test.cc; sourceTree = "<group>"; };
		C4C88F3808C638B5000E7EEE /* matrix.h */ = {isa = PBXFileReference; fileEncoding = 30; lastKnownFileType = sourcecode.c.h; path = matrix.h; sourceTree = "<group>"; };
		C4C88F3908C638B5000E7EEE /* composer.cc */ = {isa = PBXFileReference; fileEncoding = 30; lastKnownFileType = sourcecode.cpp.cpp; path = composer.cc; sourceTree = "<group>"; };
		C4C88F3A08C638B5000E7EEE /* range_stats.Template.h */ = {isa = PBXFileReference; fileEncoding = 30; lastKnownFileType = sourcecode.c.h; path = range_stats.Template.h; sourceTree = "<group>"; };
		C4C88F3B08C638B5000E7EEE /* apl.test.cc */ = {isa = PBXFileReference; fileEncoding = 30; lastKnownFileType = sourcecode.cpp.cpp; path = apl.test.cc; sourceTree = "<group>"; };
		C4C88F3C08C638B5000E7EEE /* apl.cc */ = {isa = PBXFileReference; fileEncoding = 30; lastKnownFileType = sourcecode.cpp.cpp; path = apl.cc; sourceTree = "<group>"; };
		C4C88F3D08C638B5000E7EEE /* compose.h */ = {isa = PBXFileReference; fileEncoding = 30; lastKnownFileType = sourcecode.c.h; path = compose.h; sourceTree = "<group>"; };
		C4C88F3E08C638B5000E7EEE /* sparse_iterator.test.cc */ = {isa = PBXFileReference; fileEncoding = 30; lastKnownFileType = sourcecode.cpp.cpp; path = sparse_iterator.test.cc; sourceTree = "<group>"; };
		C4C88F3F08C638B5000E7EEE /* range_ops.cc */ = {isa = PBXFileReference; fileEncoding = 30; lastKnownFileType = sourcecode.cpp.cpp; path = range_ops.cc; sourceTree = "<group>"; };
		C4C88F4008C638B5000E7EEE /* anonymous_iterator.Template.h */ = {isa = PBXFileReference; fileEncoding = 30; lastKnownFileType = sourcecode.c.h; path = anonymous_iterator.Template.h; sourceTree = "<group>"; };
		C4C88F4108C638B5000E7EEE /* pair-test.cc */ = {isa = PBXFileReference; fileEncoding = 30; lastKnownFileType = sourcecode.cpp.cpp; path = "pair-test.cc"; sourceTree = "<group>"; };
		C4C88F4208C638B5000E7EEE /* apl.h */ = {isa = PBXFileReference; fileEncoding = 30; lastKnownFileType = sourcecode.c.h; path = apl.h; sourceTree = "<group>"; };
		C4C88F4308C638B5000E7EEE /* range_ops.Template.h */ = {isa = PBXFileReference; fileEncoding = 30; lastKnownFileType = sourcecode.c.h; path = range_ops.Template.h; sourceTree = "<group>"; };
		C4C88F4408C638B5000E7EEE /* matrix.cc */ = {isa = PBXFileReference; fileEncoding = 30; lastKnownFileType = sourcecode.cpp.cpp; path = matrix.cc; sourceTree = "<group>"; };
		C4C88F4508C638B5000E7EEE /* anonymous_iterator.cc */ = {isa = PBXFileReference; fileEncoding = 30; lastKnownFileType = sourcecode.cpp.cpp; path = anonymous_iterator.cc; sourceTree = "<group>"; };
		C4C88F4608C638B5000E7EEE /* function_iterators.cc */ = {isa = PBXFileReference; fileEncoding = 30; lastKnownFileType = sourcecode.cpp.cpp; path = function_iterators.cc; sourceTree = "<group>"; };
		C4C88F4708C638B5000E7EEE /* evaluator.h */ = {isa = PBXFileReference; fileEncoding = 30; lastKnownFileType = sourcecode.c.h; path = evaluator.h; sourceTree = "<group>"; };
		C4C88F4808C638B5000E7EEE /* test.cc */ = {isa = PBXFileReference; fileEncoding = 30; lastKnownFileType = sourcecode.cpp.cpp; path = test.cc; sourceTree = "<group>"; };
		C4C88F5908C6393E000E7EEE /* test range */ = {isa = PBXFileReference; explicitFileType = "compiled.mach-o.executable"; includeInIndex = 0; path = "test range"; sourceTree = BUILT_PRODUCTS_DIR; };
		C4C88F6908C639EA000E7EEE /* test sparse iterator */ = {isa = PBXFileReference; explicitFileType = "compiled.mach-o.executable"; includeInIndex = 0; path = "test sparse iterator"; sourceTree = BUILT_PRODUCTS_DIR; };
		C4C88F8208C63AD5000E7EEE /* test function iterators */ = {isa = PBXFileReference; explicitFileType = "compiled.mach-o.executable"; includeInIndex = 0; path = "test function iterators"; sourceTree = BUILT_PRODUCTS_DIR; };
		C4C88FAB08C6400D000E7EEE /* test range_ops */ = {isa = PBXFileReference; explicitFileType = "compiled.mach-o.executable"; includeInIndex = 0; path = "test range_ops"; sourceTree = BUILT_PRODUCTS_DIR; };
		C4C88FC308C64107000E7EEE /* test range_stats */ = {isa = PBXFileReference; explicitFileType = "compiled.mach-o.executable"; includeInIndex = 0; path = "test range_stats"; sourceTree = BUILT_PRODUCTS_DIR; };
		C4C88FD308C6426E000E7EEE /* test anonymous_iterator */ = {isa = PBXFileReference; explicitFileType = "compiled.mach-o.executable"; includeInIndex = 0; path = "test anonymous_iterator"; sourceTree = BUILT_PRODUCTS_DIR; };
		C4C88FE008C642BF000E7EEE /* libranges.a */ = {isa = PBXFileReference; explicitFileType = archive.ar; includeInIndex = 0; path = libranges.a; sourceTree = BUILT_PRODUCTS_DIR; };
		C4C88FF008C64336000E7EEE /* test matrix */ = {isa = PBXFileReference; explicitFileType = "compiled.mach-o.executable"; includeInIndex = 0; path = "test matrix"; sourceTree = BUILT_PRODUCTS_DIR; };
		C4C8900008C643B2000E7EEE /* test vectorize */ = {isa = PBXFileReference; explicitFileType = "compiled.mach-o.executable"; includeInIndex = 0; path = "test vectorize"; sourceTree = BUILT_PRODUCTS_DIR; };
/* End PBXFileReference section */

/* Begin PBXFrameworksBuildPhase section */
		C4C88F5708C6393E000E7EEE /* Frameworks */ = {
			isa = PBXFrameworksBuildPhase;
			buildActionMask = 2147483647;
			files = (
			);
			runOnlyForDeploymentPostprocessing = 0;
		};
		C4C88F6708C639EA000E7EEE /* Frameworks */ = {
			isa = PBXFrameworksBuildPhase;
			buildActionMask = 2147483647;
			files = (
			);
			runOnlyForDeploymentPostprocessing = 0;
		};
		C4C88F8008C63AD5000E7EEE /* Frameworks */ = {
			isa = PBXFrameworksBuildPhase;
			buildActionMask = 2147483647;
			files = (
			);
			runOnlyForDeploymentPostprocessing = 0;
		};
		C4C88FA908C6400D000E7EEE /* Frameworks */ = {
			isa = PBXFrameworksBuildPhase;
			buildActionMask = 2147483647;
			files = (
			);
			runOnlyForDeploymentPostprocessing = 0;
		};
		C4C88FC108C64107000E7EEE /* Frameworks */ = {
			isa = PBXFrameworksBuildPhase;
			buildActionMask = 2147483647;
			files = (
			);
			runOnlyForDeploymentPostprocessing = 0;
		};
		C4C88FD108C6426E000E7EEE /* Frameworks */ = {
			isa = PBXFrameworksBuildPhase;
			buildActionMask = 2147483647;
			files = (
			);
			runOnlyForDeploymentPostprocessing = 0;
		};
		C4C88FDE08C642BF000E7EEE /* Frameworks */ = {
			isa = PBXFrameworksBuildPhase;
			buildActionMask = 2147483647;
			files = (
			);
			runOnlyForDeploymentPostprocessing = 0;
		};
		C4C88FEE08C64336000E7EEE /* Frameworks */ = {
			isa = PBXFrameworksBuildPhase;
			buildActionMask = 2147483647;
			files = (
			);
			runOnlyForDeploymentPostprocessing = 0;
		};
		C4C88FFE08C643B2000E7EEE /* Frameworks */ = {
			isa = PBXFrameworksBuildPhase;
			buildActionMask = 2147483647;
			files = (
			);
			runOnlyForDeploymentPostprocessing = 0;
		};
/* End PBXFrameworksBuildPhase section */

/* Begin PBXGroup section */
		08FB7794FE84155DC02AAC07 /* xcode */ = {
			isa = PBXGroup;
			children = (
				08FB7795FE84155DC02AAC07 /* Source */,
				C6859E8C029090F304C91782 /* Documentation */,
				1AB674ADFE9D54B511CA2CBB /* Products */,
			);
			name = xcode;
			sourceTree = "<group>";
		};
		08FB7795FE84155DC02AAC07 /* Source */ = {
			isa = PBXGroup;
			children = (
				C4C88F3108C638B5000E7EEE /* function_iterators.test.cc */,
				C4C88F3308C638B5000E7EEE /* function_iterators.h */,
				C4C88F3208C638B5000E7EEE /* function_iterators.Template.h */,
				C4C88F4608C638B5000E7EEE /* function_iterators.cc */,
				C4C88F3E08C638B5000E7EEE /* sparse_iterator.test.cc */,
				C4C88F2308C638B5000E7EEE /* sparse_iterator.h */,
				C4C88F1E08C638B5000E7EEE /* sparse_iterator.Template.h */,
				C4C88F3708C638B5000E7EEE /* range_traits.test.cc */,
				C4C88F2108C638B5000E7EEE /* range_traits.h */,
				C4C88F2208C638B5000E7EEE /* range_traits.cc */,
				C4C88F2B08C638B5000E7EEE /* range.test.cc */,
				C4C88F2C08C638B5000E7EEE /* range.h */,
				C4C88F3408C638B5000E7EEE /* range.cc */,
				C4C88F2408C638B5000E7EEE /* range_ops.test.cc */,
				C4C88F3008C638B5000E7EEE /* range_ops.h */,
				C4C88F4308C638B5000E7EEE /* range_ops.Template.h */,
				C4C88F3F08C638B5000E7EEE /* range_ops.cc */,
				C4C88F1C08C638B5000E7EEE /* range_stats.test.cc */,
				C4C88F2008C638B5000E7EEE /* range_stats.h */,
				C4C88F3A08C638B5000E7EEE /* range_stats.Template.h */,
				C4C88F1D08C638B5000E7EEE /* range_stats.cc */,
				C4C88F1F08C638B5000E7EEE /* anonymous_iterator.test.cc */,
				C4C88F2508C638B5000E7EEE /* anonymous_iterator.h */,
				C4C88F4008C638B5000E7EEE /* anonymous_iterator.Template.h */,
				C4C88F4508C638B5000E7EEE /* anonymous_iterator.cc */,
				C4C88F2608C638B5000E7EEE /* matrix.test.cc */,
				C4C88F3808C638B5000E7EEE /* matrix.h */,
				C4C88F2708C638B5000E7EEE /* matrix.Template.h */,
				C4C88F4408C638B5000E7EEE /* matrix.cc */,
				C4C88F2808C638B5000E7EEE /* vectorize.h */,
				C4C88F2908C638B5000E7EEE /* vectorize.cc */,
				C4C88F2A08C638B5000E7EEE /* vectorize.test.cc */,
				C4C88F4708C638B5000E7EEE /* evaluator.h */,
				C4C88F2D08C638B5000E7EEE /* evaluator.cc */,
				C4C88F3608C638B5000E7EEE /* sparse_iterator.cc */,
				C4C88F2E08C638B5000E7EEE /* speed_test.big.cc */,
				C4C88F2F08C638B5000E7EEE /* speed.test.cc */,
				C4C88F3408C638B5000E7EEE /* range.cc */,
				C4C88F3608C638B5000E7EEE /* sparse_iterator.cc */,
				C4C88F3508C638B5000E7EEE /* composer.h */,
				C4C88F3D08C638B5000E7EEE /* compose.h */,
				C4C88F3908C638B5000E7EEE /* composer.cc */,
				C4C88F3B08C638B5000E7EEE /* apl.test.cc */,
				C4C88F4208C638B5000E7EEE /* apl.h */,
				C4C88F3C08C638B5000E7EEE /* apl.cc */,
				C4C88F4108C638B5000E7EEE /* pair-test.cc */,
				C4C88F4808C638B5000E7EEE /* test.cc */,
			);
			name = Source;
			sourceTree = "<group>";
		};
		1AB674ADFE9D54B511CA2CBB /* Products */ = {
			isa = PBXGroup;
			children = (
				C4C88F5908C6393E000E7EEE /* test range */,
				C4C88F6908C639EA000E7EEE /* test sparse iterator */,
				C4C88F8208C63AD5000E7EEE /* test function iterators */,
				C4C88FAB08C6400D000E7EEE /* test range_ops */,
				C4C88FC308C64107000E7EEE /* test range_stats */,
				C4C88FD308C6426E000E7EEE /* test anonymous_iterator */,
				C4C88FE008C642BF000E7EEE /* libranges.a */,
				C4C88FF008C64336000E7EEE /* test matrix */,
				C4C8900008C643B2000E7EEE /* test vectorize */,
			);
			name = Products;
			sourceTree = "<group>";
		};
		C6859E8C029090F304C91782 /* Documentation */ = {
			isa = PBXGroup;
			children = (
			);
			name = Documentation;
			sourceTree = "<group>";
		};
/* End PBXGroup section */

/* Begin PBXHeadersBuildPhase section */
		C4C88FDC08C642BF000E7EEE /* Headers */ = {
			isa = PBXHeadersBuildPhase;
			buildActionMask = 2147483647;
			files = (
			);
			runOnlyForDeploymentPostprocessing = 0;
		};
/* End PBXHeadersBuildPhase section */

/* Begin PBXNativeTarget section */
		C4C88F5808C6393E000E7EEE /* test_range */ = {
			isa = PBXNativeTarget;
			buildConfigurationList = C4C88F5D08C63951000E7EEE /* Build configuration list for PBXNativeTarget "test_range" */;
			buildPhases = (
				C4C88F5608C6393E000E7EEE /* Sources */,
				C4C88F5708C6393E000E7EEE /* Frameworks */,
			);
			buildRules = (
			);
			dependencies = (
			);
			name = test_range;
			productName = "test range";
			productReference = C4C88F5908C6393E000E7EEE /* test range */;
			productType = "com.apple.product-type.tool";
		};
		C4C88F6808C639EA000E7EEE /* test sparse iterator */ = {
			isa = PBXNativeTarget;
			buildConfigurationList = C4C88F7208C63A34000E7EEE /* Build configuration list for PBXNativeTarget "test sparse iterator" */;
			buildPhases = (
				C4C88F6608C639EA000E7EEE /* Sources */,
				C4C88F6708C639EA000E7EEE /* Frameworks */,
			);
			buildRules = (
			);
			dependencies = (
			);
			name = "test sparse iterator";
			productName = "test sparse iterator";
			productReference = C4C88F6908C639EA000E7EEE /* test sparse iterator */;
			productType = "com.apple.product-type.tool";
		};
		C4C88F8108C63AD5000E7EEE /* test function iterators */ = {
			isa = PBXNativeTarget;
			buildConfigurationList = C4C88F8508C63B01000E7EEE /* Build configuration list for PBXNativeTarget "test function iterators" */;
			buildPhases = (
				C4C88F7F08C63AD5000E7EEE /* Sources */,
				C4C88F8008C63AD5000E7EEE /* Frameworks */,
			);
			buildRules = (
			);
			comments = "Was not able to get some of the composer functions to compile as written; compiler did not like the change of the template operator_traits from one argument to two.\n\nSo, I commented these portions (such as binary operator traits).";
			dependencies = (
			);
			name = "test function iterators";
			productName = "test function iterators";
			productReference = C4C88F8208C63AD5000E7EEE /* test function iterators */;
			productType = "com.apple.product-type.tool";
		};
		C4C88FAA08C6400D000E7EEE /* test range_ops */ = {
			isa = PBXNativeTarget;
			buildConfigurationList = C4C88FAF08C64034000E7EEE /* Build configuration list for PBXNativeTarget "test range_ops" */;
			buildPhases = (
				C4C88FA808C6400D000E7EEE /* Sources */,
				C4C88FA908C6400D000E7EEE /* Frameworks */,
			);
			buildRules = (
			);
			dependencies = (
			);
			name = "test range_ops";
			productName = "test range_ops";
			productReference = C4C88FAB08C6400D000E7EEE /* test range_ops */;
			productType = "com.apple.product-type.tool";
		};
		C4C88FC208C64107000E7EEE /* test_range_stats */ = {
			isa = PBXNativeTarget;
			buildConfigurationList = C4C88FC708C64128000E7EEE /* Build configuration list for PBXNativeTarget "test_range_stats" */;
			buildPhases = (
				C4C88FC008C64107000E7EEE /* Sources */,
				C4C88FC108C64107000E7EEE /* Frameworks */,
			);
			buildRules = (
			);
			dependencies = (
			);
			name = test_range_stats;
			productName = "test range_stats";
			productReference = C4C88FC308C64107000E7EEE /* test range_stats */;
			productType = "com.apple.product-type.tool";
		};
		C4C88FD208C6426E000E7EEE /* test anonymous_iterator */ = {
			isa = PBXNativeTarget;
			buildConfigurationList = C4C88FD708C642A3000E7EEE /* Build configuration list for PBXNativeTarget "test anonymous_iterator" */;
			buildPhases = (
				C4C88FD008C6426E000E7EEE /* Sources */,
				C4C88FD108C6426E000E7EEE /* Frameworks */,
			);
			buildRules = (
			);
			dependencies = (
			);
			name = "test anonymous_iterator";
			productName = "test anonymous_iterator";
			productReference = C4C88FD308C6426E000E7EEE /* test anonymous_iterator */;
			productType = "com.apple.product-type.tool";
		};
		C4C88FDF08C642BF000E7EEE /* ranges */ = {
			isa = PBXNativeTarget;
			buildConfigurationList = C4C88FE908C64315000E7EEE /* Build configuration list for PBXNativeTarget "ranges" */;
			buildPhases = (
				C4C88FDC08C642BF000E7EEE /* Headers */,
				C4C88FDD08C642BF000E7EEE /* Sources */,
				C4C88FDE08C642BF000E7EEE /* Frameworks */,
			);
			buildRules = (
			);
			dependencies = (
			);
			name = ranges;
			productName = ranges;
			productReference = C4C88FE008C642BF000E7EEE /* libranges.a */;
			productType = "com.apple.product-type.library.static";
		};
		C4C88FEF08C64336000E7EEE /* test matrix */ = {
			isa = PBXNativeTarget;
			buildConfigurationList = C4C88FF608C64371000E7EEE /* Build configuration list for PBXNativeTarget "test matrix" */;
			buildPhases = (
				C4C88FED08C64336000E7EEE /* Sources */,
				C4C88FEE08C64336000E7EEE /* Frameworks */,
			);
			buildRules = (
			);
			dependencies = (
			);
			name = "test matrix";
			productName = "test matrix";
			productReference = C4C88FF008C64336000E7EEE /* test matrix */;
			productType = "com.apple.product-type.tool";
		};
		C4C88FFF08C643B2000E7EEE /* test vectorize */ = {
			isa = PBXNativeTarget;
			buildConfigurationList = C4C8900408C643D4000E7EEE /* Build configuration list for PBXNativeTarget "test vectorize" */;
			buildPhases = (
				C4C88FFD08C643B2000E7EEE /* Sources */,
				C4C88FFE08C643B2000E7EEE /* Frameworks */,
			);
			buildRules = (
			);
			dependencies = (
			);
			name = "test vectorize";
			productName = "test vectorize";
			productReference = C4C8900008C643B2000E7EEE /* test vectorize */;
			productType = "com.apple.product-type.tool";
		};
/* End PBXNativeTarget section */

/* Begin PBXProject section */
		08FB7793FE84155DC02AAC07 /* Project object */ = {
			isa = PBXProject;
			buildConfigurationList = C4C88F1408C6382D000E7EEE /* Build configuration list for PBXProject "ranges" */;
			compatibilityVersion = "Xcode 2.4";
			hasScannedForEncodings = 1;
			mainGroup = 08FB7794FE84155DC02AAC07 /* xcode */;
			projectDirPath = "";
			projectRoot = "";
			targets = (
				C4C88FDF08C642BF000E7EEE /* ranges */,
				C4C88FFF08C643B2000E7EEE /* test vectorize */,
				C4C88FEF08C64336000E7EEE /* test matrix */,
				C4C88FD208C6426E000E7EEE /* test anonymous_iterator */,
				C4C88FC208C64107000E7EEE /* test_range_stats */,
				C4C88FAA08C6400D000E7EEE /* test range_ops */,
				C4C88F8108C63AD5000E7EEE /* test function iterators */,
				C4C88F6808C639EA000E7EEE /* test sparse iterator */,
				C4C88F5808C6393E000E7EEE /* test_range */,
			);
		};
/* End PBXProject section */

/* Begin PBXSourcesBuildPhase section */
		C4C88F5608C6393E000E7EEE /* Sources */ = {
			isa = PBXSourcesBuildPhase;
			buildActionMask = 2147483647;
			files = (
				C4C88F5C08C6394E000E7EEE /* range.test.cc in Sources */,
			);
			runOnlyForDeploymentPostprocessing = 0;
		};
		C4C88F6608C639EA000E7EEE /* Sources */ = {
			isa = PBXSourcesBuildPhase;
			buildActionMask = 2147483647;
			files = (
				C4C88F6F08C63A2F000E7EEE /* range_traits.cc in Sources */,
				C4C88F7108C63A31000E7EEE /* sparse_iterator.test.cc in Sources */,
				C4C88F8408C63AF2000E7EEE /* function_iterators.test.cc in Sources */,
			);
			runOnlyForDeploymentPostprocessing = 0;
		};
		C4C88F7F08C63AD5000E7EEE /* Sources */ = {
			isa = PBXSourcesBuildPhase;
			buildActionMask = 2147483647;
			files = (
				C4C88F8A08C63B1E000E7EEE /* function_iterators.test.cc in Sources */,
				C42AC79B0CE4FC7600B337DB /* function_iterators.cc in Sources */,
			);
			runOnlyForDeploymentPostprocessing = 0;
		};
		C4C88FA808C6400D000E7EEE /* Sources */ = {
			isa = PBXSourcesBuildPhase;
			buildActionMask = 2147483647;
			files = (
				C4C88FAD08C64026000E7EEE /* range_ops.test.cc in Sources */,
				C4C88FAE08C64027000E7EEE /* range_ops.cc in Sources */,
			);
			runOnlyForDeploymentPostprocessing = 0;
		};
		C4C88FC008C64107000E7EEE /* Sources */ = {
			isa = PBXSourcesBuildPhase;
			buildActionMask = 2147483647;
			files = (
				C4C88FC508C64120000E7EEE /* range_stats.test.cc in Sources */,
				C4C88FC608C64122000E7EEE /* range_stats.cc in Sources */,
			);
			runOnlyForDeploymentPostprocessing = 0;
		};
		C4C88FD008C6426E000E7EEE /* Sources */ = {
			isa = PBXSourcesBuildPhase;
			buildActionMask = 2147483647;
			files = (
				C4C88FD508C64294000E7EEE /* anonymous_iterator.cc in Sources */,
				C4C88FD608C64295000E7EEE /* anonymous_iterator.test.cc in Sources */,
			);
			runOnlyForDeploymentPostprocessing = 0;
		};
		C4C88FDD08C642BF000E7EEE /* Sources */ = {
			isa = PBXSourcesBuildPhase;
			buildActionMask = 2147483647;
			files = (
				C4C88FE108C642DB000E7EEE /* anonymous_iterator.cc in Sources */,
				C4C88FE208C642E8000E7EEE /* function_iterators.cc in Sources */,
				C4C88FE308C642EC000E7EEE /* matrix.cc in Sources */,
				C4C88FE408C642F3000E7EEE /* range.cc in Sources */,
				C4C88FE508C642F6000E7EEE /* range_ops.cc in Sources */,
				C4C88FE608C642F9000E7EEE /* range_stats.cc in Sources */,
				C4C88FE708C642FF000E7EEE /* range_traits.cc in Sources */,
			);
			runOnlyForDeploymentPostprocessing = 0;
		};
		C4C88FED08C64336000E7EEE /* Sources */ = {
			isa = PBXSourcesBuildPhase;
			buildActionMask = 2147483647;
			files = (
				C4C88FF408C6436D000E7EEE /* matrix.cc in Sources */,
				C4C88FF508C6436F000E7EEE /* matrix.test.cc in Sources */,
			);
			runOnlyForDeploymentPostprocessing = 0;
		};
		C4C88FFD08C643B2000E7EEE /* Sources */ = {
			isa = PBXSourcesBuildPhase;
			buildActionMask = 2147483647;
			files = (
				C4C8900208C643D0000E7EEE /* vectorize.cc in Sources */,
				C4C8900308C643D1000E7EEE /* vectorize.test.cc in Sources */,
			);
			runOnlyForDeploymentPostprocessing = 0;
		};
/* End PBXSourcesBuildPhase section */

/* Begin XCBuildConfiguration section */
		C4C88F1508C6382D000E7EEE /* Debug */ = {
			isa = XCBuildConfiguration;
			buildSettings = {
				HEADER_SEARCH_PATHS = "~/C/utils/";
			};
			name = Debug;
		};
		C4C88F1608C6382D000E7EEE /* Release */ = {
			isa = XCBuildConfiguration;
			buildSettings = {
			};
			name = Release;
		};
		C4C88F1708C6382D000E7EEE /* Default */ = {
			isa = XCBuildConfiguration;
			buildSettings = {
			};
			name = Default;
		};
		C4C88F5E08C63951000E7EEE /* Debug */ = {
			isa = XCBuildConfiguration;
			buildSettings = {
				COPY_PHASE_STRIP = NO;
				GCC_GENERATE_DEBUGGING_SYMBOLS = YES;
				GCC_MODEL_TUNING = G5;
				INSTALL_PATH = "$(HOME)/bin";
				OPTIMIZATION_CFLAGS = "-O0";
				OTHER_CFLAGS = "";
				OTHER_LDFLAGS = "";
				OTHER_REZFLAGS = "";
				PREBINDING = NO;
				PRODUCT_NAME = "test range";
				SECTORDER_FLAGS = "";
				WARNING_CFLAGS = (
					"-Wmost",
					"-Wno-four-char-constants",
					"-Wno-unknown-pragmas",
				);
			};
			name = Debug;
		};
		C4C88F5F08C63951000E7EEE /* Release */ = {
			isa = XCBuildConfiguration;
			buildSettings = {
				COPY_PHASE_STRIP = YES;
				GCC_GENERATE_DEBUGGING_SYMBOLS = NO;
				GCC_MODEL_TUNING = G5;
				INSTALL_PATH = "$(HOME)/bin";
				OPTIMIZATION_CFLAGS = "-O0";
				OTHER_CFLAGS = "";
				OTHER_LDFLAGS = "";
				OTHER_REZFLAGS = "";
				PREBINDING = NO;
				PRODUCT_NAME = test_range;
				SECTORDER_FLAGS = "";
				WARNING_CFLAGS = (
					"-Wmost",
					"-Wno-four-char-constants",
					"-Wno-unknown-pragmas",
				);
			};
			name = Release;
		};
		C4C88F6008C63951000E7EEE /* Default */ = {
			isa = XCBuildConfiguration;
			buildSettings = {
				GCC_GENERATE_DEBUGGING_SYMBOLS = NO;
				GCC_MODEL_TUNING = G5;
				INSTALL_PATH = "$(HOME)/bin";
				OPTIMIZATION_CFLAGS = "-O0";
				OTHER_CFLAGS = "";
				OTHER_LDFLAGS = "";
				OTHER_REZFLAGS = "";
				PREBINDING = NO;
				PRODUCT_NAME = "test range";
				SECTORDER_FLAGS = "";
				WARNING_CFLAGS = (
					"-Wmost",
					"-Wno-four-char-constants",
					"-Wno-unknown-pragmas",
				);
			};
			name = Default;
		};
		C4C88F7308C63A34000E7EEE /* Debug */ = {
			isa = XCBuildConfiguration;
			buildSettings = {
				COPY_PHASE_STRIP = NO;
				GCC_GENERATE_DEBUGGING_SYMBOLS = YES;
				GCC_MODEL_TUNING = G5;
				INSTALL_PATH = "$(HOME)/bin";
				OPTIMIZATION_CFLAGS = "-O0";
				OTHER_CFLAGS = "";
				OTHER_LDFLAGS = "";
				OTHER_REZFLAGS = "";
				PREBINDING = NO;
				PRODUCT_NAME = "test sparse iterator";
				SECTORDER_FLAGS = "";
				WARNING_CFLAGS = (
					"-Wmost",
					"-Wno-four-char-constants",
					"-Wno-unknown-pragmas",
				);
			};
			name = Debug;
		};
		C4C88F7408C63A34000E7EEE /* Release */ = {
			isa = XCBuildConfiguration;
			buildSettings = {
				COPY_PHASE_STRIP = YES;
				GCC_GENERATE_DEBUGGING_SYMBOLS = NO;
				GCC_MODEL_TUNING = G5;
				INSTALL_PATH = "$(HOME)/bin";
				OPTIMIZATION_CFLAGS = "-O0";
				OTHER_CFLAGS = "";
				OTHER_LDFLAGS = "";
				OTHER_REZFLAGS = "";
				PREBINDING = NO;
				PRODUCT_NAME = "test sparse iterator";
				SECTORDER_FLAGS = "";
				WARNING_CFLAGS = (
					"-Wmost",
					"-Wno-four-char-constants",
					"-Wno-unknown-pragmas",
				);
			};
			name = Release;
		};
		C4C88F7508C63A34000E7EEE /* Default */ = {
			isa = XCBuildConfiguration;
			buildSettings = {
				GCC_GENERATE_DEBUGGING_SYMBOLS = NO;
				GCC_MODEL_TUNING = G5;
				INSTALL_PATH = "$(HOME)/bin";
				OPTIMIZATION_CFLAGS = "-O0";
				OTHER_CFLAGS = "";
				OTHER_LDFLAGS = "";
				OTHER_REZFLAGS = "";
				PREBINDING = NO;
				PRODUCT_NAME = "test sparse iterator";
				SECTORDER_FLAGS = "";
				WARNING_CFLAGS = (
					"-Wmost",
					"-Wno-four-char-constants",
					"-Wno-unknown-pragmas",
				);
			};
			name = Default;
		};
		C4C88F8608C63B01000E7EEE /* Debug */ = {
			isa = XCBuildConfiguration;
			buildSettings = {
				COPY_PHASE_STRIP = NO;
				GCC_GENERATE_DEBUGGING_SYMBOLS = YES;
				GCC_MODEL_TUNING = G5;
				HEADER_SEARCH_PATHS = "";
				INSTALL_PATH = "$(HOME)/bin";
				OPTIMIZATION_CFLAGS = "-O0";
				OTHER_CFLAGS = "";
				OTHER_LDFLAGS = "";
				OTHER_REZFLAGS = "";
				PREBINDING = NO;
				PRODUCT_NAME = "test function iterators";
				SECTORDER_FLAGS = "";
				WARNING_CFLAGS = (
					"-Wmost",
					"-Wno-four-char-constants",
					"-Wno-unknown-pragmas",
				);
			};
			name = Debug;
		};
		C4C88F8708C63B01000E7EEE /* Release */ = {
			isa = XCBuildConfiguration;
			buildSettings = {
				COPY_PHASE_STRIP = YES;
				GCC_GENERATE_DEBUGGING_SYMBOLS = NO;
				GCC_MODEL_TUNING = G5;
				INSTALL_PATH = "$(HOME)/bin";
				OPTIMIZATION_CFLAGS = "-O0";
				OTHER_CFLAGS = "";
				OTHER_LDFLAGS = "";
				OTHER_REZFLAGS = "";
				PREBINDING = NO;
				PRODUCT_NAME = "test function iterators";
				SECTORDER_FLAGS = "";
				WARNING_CFLAGS = (
					"-Wmost",
					"-Wno-four-char-constants",
					"-Wno-unknown-pragmas",
				);
			};
			name = Release;
		};
		C4C88F8808C63B01000E7EEE /* Default */ = {
			isa = XCBuildConfiguration;
			buildSettings = {
				GCC_GENERATE_DEBUGGING_SYMBOLS = NO;
				GCC_MODEL_TUNING = G5;
				INSTALL_PATH = "$(HOME)/bin";
				OPTIMIZATION_CFLAGS = "-O0";
				OTHER_CFLAGS = "";
				OTHER_LDFLAGS = "";
				OTHER_REZFLAGS = "";
				PREBINDING = NO;
				PRODUCT_NAME = "test function iterators";
				SECTORDER_FLAGS = "";
				WARNING_CFLAGS = (
					"-Wmost",
					"-Wno-four-char-constants",
					"-Wno-unknown-pragmas",
				);
			};
			name = Default;
		};
		C4C88FB008C64034000E7EEE /* Debug */ = {
			isa = XCBuildConfiguration;
			buildSettings = {
				COPY_PHASE_STRIP = NO;
				GCC_GENERATE_DEBUGGING_SYMBOLS = YES;
				GCC_MODEL_TUNING = G5;
				HEADER_SEARCH_PATHS = "";
				INSTALL_PATH = "$(HOME)/bin";
				OPTIMIZATION_CFLAGS = "-O0";
				OTHER_CFLAGS = "";
				OTHER_LDFLAGS = "";
				OTHER_REZFLAGS = "";
				PREBINDING = NO;
				PRODUCT_NAME = "test range_ops";
				SECTORDER_FLAGS = "";
				WARNING_CFLAGS = (
					"-Wmost",
					"-Wno-four-char-constants",
					"-Wno-unknown-pragmas",
				);
			};
			name = Debug;
		};
		C4C88FB108C64034000E7EEE /* Release */ = {
			isa = XCBuildConfiguration;
			buildSettings = {
				COPY_PHASE_STRIP = YES;
				GCC_GENERATE_DEBUGGING_SYMBOLS = NO;
				GCC_MODEL_TUNING = G5;
				INSTALL_PATH = "$(HOME)/bin";
				OPTIMIZATION_CFLAGS = "-O0";
				OTHER_CFLAGS = "";
				OTHER_LDFLAGS = "";
				OTHER_REZFLAGS = "";
				PREBINDING = NO;
				PRODUCT_NAME = "test range_ops";
				SECTORDER_FLAGS = "";
				WARNING_CFLAGS = (
					"-Wmost",
					"-Wno-four-char-constants",
					"-Wno-unknown-pragmas",
				);
			};
			name = Release;
		};
		C4C88FB208C64034000E7EEE /* Default */ = {
			isa = XCBuildConfiguration;
			buildSettings = {
				GCC_GENERATE_DEBUGGING_SYMBOLS = NO;
				GCC_MODEL_TUNING = G5;
				INSTALL_PATH = "$(HOME)/bin";
				OPTIMIZATION_CFLAGS = "-O0";
				OTHER_CFLAGS = "";
				OTHER_LDFLAGS = "";
				OTHER_REZFLAGS = "";
				PREBINDING = NO;
				PRODUCT_NAME = "test range_ops";
				SECTORDER_FLAGS = "";
				WARNING_CFLAGS = (
					"-Wmost",
					"-Wno-four-char-constants",
					"-Wno-unknown-pragmas",
				);
			};
			name = Default;
		};
		C4C88FC808C64128000E7EEE /* Debug */ = {
			isa = XCBuildConfiguration;
			buildSettings = {
				COPY_PHASE_STRIP = NO;
				GCC_GENERATE_DEBUGGING_SYMBOLS = YES;
				GCC_MODEL_TUNING = G5;
				INSTALL_PATH = "$(HOME)/bin";
				OPTIMIZATION_CFLAGS = "-O0";
				OTHER_CFLAGS = "";
				OTHER_LDFLAGS = "";
				OTHER_REZFLAGS = "";
				PREBINDING = NO;
				PRODUCT_NAME = "test range_stats";
				SECTORDER_FLAGS = "";
				WARNING_CFLAGS = (
					"-Wmost",
					"-Wno-four-char-constants",
					"-Wno-unknown-pragmas",
				);
			};
			name = Debug;
		};
		C4C88FC908C64128000E7EEE /* Release */ = {
			isa = XCBuildConfiguration;
			buildSettings = {
				COPY_PHASE_STRIP = YES;
				GCC_GENERATE_DEBUGGING_SYMBOLS = NO;
				GCC_MODEL_TUNING = G5;
				INSTALL_PATH = "$(HOME)/bin";
				OPTIMIZATION_CFLAGS = "-O0";
				OTHER_CFLAGS = "";
				OTHER_LDFLAGS = "";
				OTHER_REZFLAGS = "";
				PREBINDING = NO;
				PRODUCT_NAME = "test range_stats";
				SECTORDER_FLAGS = "";
				WARNING_CFLAGS = (
					"-Wmost",
					"-Wno-four-char-constants",
					"-Wno-unknown-pragmas",
				);
			};
			name = Release;
		};
		C4C88FCA08C64128000E7EEE /* Default */ = {
			isa = XCBuildConfiguration;
			buildSettings = {
				GCC_GENERATE_DEBUGGING_SYMBOLS = NO;
				GCC_MODEL_TUNING = G5;
				INSTALL_PATH = "$(HOME)/bin";
				OPTIMIZATION_CFLAGS = "-O0";
				OTHER_CFLAGS = "";
				OTHER_LDFLAGS = "";
				OTHER_REZFLAGS = "";
				PREBINDING = NO;
				PRODUCT_NAME = "test range_stats";
				SECTORDER_FLAGS = "";
				WARNING_CFLAGS = (
					"-Wmost",
					"-Wno-four-char-constants",
					"-Wno-unknown-pragmas",
				);
			};
			name = Default;
		};
		C4C88FD808C642A3000E7EEE /* Debug */ = {
			isa = XCBuildConfiguration;
			buildSettings = {
				COPY_PHASE_STRIP = NO;
				GCC_GENERATE_DEBUGGING_SYMBOLS = YES;
				GCC_MODEL_TUNING = G5;
				INSTALL_PATH = "$(HOME)/bin";
				OPTIMIZATION_CFLAGS = "-O0";
				OTHER_CFLAGS = "";
				OTHER_LDFLAGS = "";
				OTHER_REZFLAGS = "";
				PREBINDING = NO;
				PRODUCT_NAME = "test anonymous_iterator";
				SECTORDER_FLAGS = "";
				WARNING_CFLAGS = (
					"-Wmost",
					"-Wno-four-char-constants",
					"-Wno-unknown-pragmas",
				);
			};
			name = Debug;
		};
		C4C88FD908C642A3000E7EEE /* Release */ = {
			isa = XCBuildConfiguration;
			buildSettings = {
				COPY_PHASE_STRIP = YES;
				GCC_GENERATE_DEBUGGING_SYMBOLS = NO;
				GCC_MODEL_TUNING = G5;
				INSTALL_PATH = "$(HOME)/bin";
				OPTIMIZATION_CFLAGS = "-O0";
				OTHER_CFLAGS = "";
				OTHER_LDFLAGS = "";
				OTHER_REZFLAGS = "";
				PREBINDING = NO;
				PRODUCT_NAME = "test anonymous_iterator";
				SECTORDER_FLAGS = "";
				WARNING_CFLAGS = (
					"-Wmost",
					"-Wno-four-char-constants",
					"-Wno-unknown-pragmas",
				);
			};
			name = Release;
		};
		C4C88FDA08C642A3000E7EEE /* Default */ = {
			isa = XCBuildConfiguration;
			buildSettings = {
				GCC_GENERATE_DEBUGGING_SYMBOLS = NO;
				GCC_MODEL_TUNING = G5;
				INSTALL_PATH = "$(HOME)/bin";
				OPTIMIZATION_CFLAGS = "-O0";
				OTHER_CFLAGS = "";
				OTHER_LDFLAGS = "";
				OTHER_REZFLAGS = "";
				PREBINDING = NO;
				PRODUCT_NAME = "test anonymous_iterator";
				SECTORDER_FLAGS = "";
				WARNING_CFLAGS = (
					"-Wmost",
					"-Wno-four-char-constants",
					"-Wno-unknown-pragmas",
				);
			};
			name = Default;
		};
		C4C88FEA08C64315000E7EEE /* Debug */ = {
			isa = XCBuildConfiguration;
			buildSettings = {
				COPY_PHASE_STRIP = NO;
				GCC_GENERATE_DEBUGGING_SYMBOLS = YES;
				GCC_MODEL_TUNING = G5;
				INSTALL_PATH = "$(HOME)/lib";
				LIBRARY_STYLE = STATIC;
				OPTIMIZATION_CFLAGS = "-O0";
				OTHER_CFLAGS = "";
				OTHER_LDFLAGS = "";
				OTHER_REZFLAGS = "";
				PREBINDING = NO;
				PRODUCT_NAME = ranges;
				SECTORDER_FLAGS = "";
				WARNING_CFLAGS = (
					"-Wmost",
					"-Wno-four-char-constants",
					"-Wno-unknown-pragmas",
				);
			};
			name = Debug;
		};
		C4C88FEB08C64315000E7EEE /* Release */ = {
			isa = XCBuildConfiguration;
			buildSettings = {
				COPY_PHASE_STRIP = YES;
				GCC_GENERATE_DEBUGGING_SYMBOLS = NO;
				GCC_MODEL_TUNING = G5;
				INSTALL_PATH = "$(HOME)/lib";
				LIBRARY_STYLE = STATIC;
				OPTIMIZATION_CFLAGS = "-O0";
				OTHER_CFLAGS = "";
				OTHER_LDFLAGS = "";
				OTHER_REZFLAGS = "";
				PREBINDING = NO;
				PRODUCT_NAME = ranges;
				SECTORDER_FLAGS = "";
				WARNING_CFLAGS = (
					"-Wmost",
					"-Wno-four-char-constants",
					"-Wno-unknown-pragmas",
				);
			};
			name = Release;
		};
		C4C88FEC08C64315000E7EEE /* Default */ = {
			isa = XCBuildConfiguration;
			buildSettings = {
				GCC_GENERATE_DEBUGGING_SYMBOLS = NO;
				GCC_MODEL_TUNING = G5;
				INSTALL_PATH = "$(HOME)/lib";
				LIBRARY_STYLE = STATIC;
				OPTIMIZATION_CFLAGS = "-O0";
				OTHER_CFLAGS = "";
				OTHER_LDFLAGS = "";
				OTHER_REZFLAGS = "";
				PREBINDING = NO;
				PRODUCT_NAME = ranges;
				SECTORDER_FLAGS = "";
				WARNING_CFLAGS = (
					"-Wmost",
					"-Wno-four-char-constants",
					"-Wno-unknown-pragmas",
				);
			};
			name = Default;
		};
		C4C88FF708C64371000E7EEE /* Debug */ = {
			isa = XCBuildConfiguration;
			buildSettings = {
				COPY_PHASE_STRIP = NO;
				GCC_GENERATE_DEBUGGING_SYMBOLS = YES;
				GCC_MODEL_TUNING = G5;
				INSTALL_PATH = "$(HOME)/bin";
				OPTIMIZATION_CFLAGS = "-O0";
				OTHER_CFLAGS = "";
				OTHER_LDFLAGS = "";
				OTHER_REZFLAGS = "";
				PREBINDING = NO;
				PRODUCT_NAME = "test matrix";
				SECTORDER_FLAGS = "";
				WARNING_CFLAGS = (
					"-Wmost",
					"-Wno-four-char-constants",
					"-Wno-unknown-pragmas",
				);
			};
			name = Debug;
		};
		C4C88FF808C64371000E7EEE /* Release */ = {
			isa = XCBuildConfiguration;
			buildSettings = {
				COPY_PHASE_STRIP = YES;
				GCC_GENERATE_DEBUGGING_SYMBOLS = NO;
				GCC_MODEL_TUNING = G5;
				INSTALL_PATH = "$(HOME)/bin";
				OPTIMIZATION_CFLAGS = "-O0";
				OTHER_CFLAGS = "";
				OTHER_LDFLAGS = "";
				OTHER_REZFLAGS = "";
				PREBINDING = NO;
				PRODUCT_NAME = "test matrix";
				SECTORDER_FLAGS = "";
				WARNING_CFLAGS = (
					"-Wmost",
					"-Wno-four-char-constants",
					"-Wno-unknown-pragmas",
				);
			};
			name = Release;
		};
		C4C88FF908C64371000E7EEE /* Default */ = {
			isa = XCBuildConfiguration;
			buildSettings = {
				GCC_GENERATE_DEBUGGING_SYMBOLS = NO;
				GCC_MODEL_TUNING = G5;
				INSTALL_PATH = "$(HOME)/bin";
				OPTIMIZATION_CFLAGS = "-O0";
				OTHER_CFLAGS = "";
				OTHER_LDFLAGS = "";
				OTHER_REZFLAGS = "";
				PREBINDING = NO;
				PRODUCT_NAME = "test matrix";
				SECTORDER_FLAGS = "";
				WARNING_CFLAGS = (
					"-Wmost",
					"-Wno-four-char-constants",
					"-Wno-unknown-pragmas",
				);
			};
			name = Default;
		};
		C4C8900508C643D4000E7EEE /* Debug */ = {
			isa = XCBuildConfiguration;
			buildSettings = {
				COPY_PHASE_STRIP = NO;
				GCC_GENERATE_DEBUGGING_SYMBOLS = YES;
				GCC_MODEL_TUNING = G5;
				INSTALL_PATH = "$(HOME)/bin";
				OPTIMIZATION_CFLAGS = "-O0";
				OTHER_CFLAGS = "";
				OTHER_LDFLAGS = "";
				OTHER_REZFLAGS = "";
				PREBINDING = NO;
				PRODUCT_NAME = "test vectorize";
				SECTORDER_FLAGS = "";
				WARNING_CFLAGS = (
					"-Wmost",
					"-Wno-four-char-constants",
					"-Wno-unknown-pragmas",
				);
			};
			name = Debug;
		};
		C4C8900608C643D4000E7EEE /* Release */ = {
			isa = XCBuildConfiguration;
			buildSettings = {
				COPY_PHASE_STRIP = YES;
				GCC_GENERATE_DEBUGGING_SYMBOLS = NO;
				GCC_MODEL_TUNING = G5;
				INSTALL_PATH = "$(HOME)/bin";
				OPTIMIZATION_CFLAGS = "-O0";
				OTHER_CFLAGS = "";
				OTHER_LDFLAGS = "";
				OTHER_REZFLAGS = "";
				PREBINDING = NO;
				PRODUCT_NAME = "test vectorize";
				SECTORDER_FLAGS = "";
				WARNING_CFLAGS = (
					"-Wmost",
					"-Wno-four-char-constants",
					"-Wno-unknown-pragmas",
				);
			};
			name = Release;
		};
		C4C8900708C643D4000E7EEE /* Default */ = {
			isa = XCBuildConfiguration;
			buildSettings = {
				GCC_GENERATE_DEBUGGING_SYMBOLS = NO;
				GCC_MODEL_TUNING = G5;
				INSTALL_PATH = "$(HOME)/bin";
				OPTIMIZATION_CFLAGS = "-O0";
				OTHER_CFLAGS = "";
				OTHER_LDFLAGS = "";
				OTHER_REZFLAGS = "";
				PREBINDING = NO;
				PRODUCT_NAME = "test vectorize";
				SECTORDER_FLAGS = "";
				WARNING_CFLAGS = (
					"-Wmost",
					"-Wno-four-char-constants",
					"-Wno-unknown-pragmas",
				);
			};
			name = Default;
		};
/* End XCBuildConfiguration section */

/* Begin XCConfigurationList section */
		C4C88F1408C6382D000E7EEE /* Build configuration list for PBXProject "ranges" */ = {
			isa = XCConfigurationList;
			buildConfigurations = (
				C4C88F1508C6382D000E7EEE /* Debug */,
				C4C88F1608C6382D000E7EEE /* Release */,
				C4C88F1708C6382D000E7EEE /* Default */,
			);
			defaultConfigurationIsVisible = 0;
			defaultConfigurationName = Default;
		};
		C4C88F5D08C63951000E7EEE /* Build configuration list for PBXNativeTarget "test_range" */ = {
			isa = XCConfigurationList;
			buildConfigurations = (
				C4C88F5E08C63951000E7EEE /* Debug */,
				C4C88F5F08C63951000E7EEE /* Release */,
				C4C88F6008C63951000E7EEE /* Default */,
			);
			defaultConfigurationIsVisible = 0;
			defaultConfigurationName = Default;
		};
		C4C88F7208C63A34000E7EEE /* Build configuration list for PBXNativeTarget "test sparse iterator" */ = {
			isa = XCConfigurationList;
			buildConfigurations = (
				C4C88F7308C63A34000E7EEE /* Debug */,
				C4C88F7408C63A34000E7EEE /* Release */,
				C4C88F7508C63A34000E7EEE /* Default */,
			);
			defaultConfigurationIsVisible = 0;
			defaultConfigurationName = Default;
		};
		C4C88F8508C63B01000E7EEE /* Build configuration list for PBXNativeTarget "test function iterators" */ = {
			isa = XCConfigurationList;
			buildConfigurations = (
				C4C88F8608C63B01000E7EEE /* Debug */,
				C4C88F8708C63B01000E7EEE /* Release */,
				C4C88F8808C63B01000E7EEE /* Default */,
			);
			defaultConfigurationIsVisible = 0;
			defaultConfigurationName = Default;
		};
		C4C88FAF08C64034000E7EEE /* Build configuration list for PBXNativeTarget "test range_ops" */ = {
			isa = XCConfigurationList;
			buildConfigurations = (
				C4C88FB008C64034000E7EEE /* Debug */,
				C4C88FB108C64034000E7EEE /* Release */,
				C4C88FB208C64034000E7EEE /* Default */,
			);
			defaultConfigurationIsVisible = 0;
			defaultConfigurationName = Default;
		};
		C4C88FC708C64128000E7EEE /* Build configuration list for PBXNativeTarget "test_range_stats" */ = {
			isa = XCConfigurationList;
			buildConfigurations = (
				C4C88FC808C64128000E7EEE /* Debug */,
				C4C88FC908C64128000E7EEE /* Release */,
				C4C88FCA08C64128000E7EEE /* Default */,
			);
			defaultConfigurationIsVisible = 0;
			defaultConfigurationName = Default;
		};
		C4C88FD708C642A3000E7EEE /* Build configuration list for PBXNativeTarget "test anonymous_iterator" */ = {
			isa = XCConfigurationList;
			buildConfigurations = (
				C4C88FD808C642A3000E7EEE /* Debug */,
				C4C88FD908C642A3000E7EEE /* Release */,
				C4C88FDA08C642A3000E7EEE /* Default */,
			);
			defaultConfigurationIsVisible = 0;
			defaultConfigurationName = Default;
		};
		C4C88FE908C64315000E7EEE /* Build configuration list for PBXNativeTarget "ranges" */ = {
			isa = XCConfigurationList;
			buildConfigurations = (
				C4C88FEA08C64315000E7EEE /* Debug */,
				C4C88FEB08C64315000E7EEE /* Release */,
				C4C88FEC08C64315000E7EEE /* Default */,
			);
			defaultConfigurationIsVisible = 0;
			defaultConfigurationName = Default;
		};
		C4C88FF608C64371000E7EEE /* Build configuration list for PBXNativeTarget "test matrix" */ = {
			isa = XCConfigurationList;
			buildConfigurations = (
				C4C88FF708C64371000E7EEE /* Debug */,
				C4C88FF808C64371000E7EEE /* Release */,
				C4C88FF908C64371000E7EEE /* Default */,
			);
			defaultConfigurationIsVisible = 0;
			defaultConfigurationName = Default;
		};
		C4C8900408C643D4000E7EEE /* Build configuration list for PBXNativeTarget "test vectorize" */ = {
			isa = XCConfigurationList;
			buildConfigurations = (
				C4C8900508C643D4000E7EEE /* Debug */,
				C4C8900608C643D4000E7EEE /* Release */,
				C4C8900708C643D4000E7EEE /* Default */,
			);
			defaultConfigurationIsVisible = 0;
			defaultConfigurationName = Default;
		};
/* End XCConfigurationList section */
	};
	rootObject = 08FB7793FE84155DC02AAC07 /* Project object */;
}
